
Microsoft Visual Studio Solution File, Format Version 12.00
# Visual Studio 14
VisualStudioVersion = 14.0.23107.0
MinimumVisualStudioVersion = 10.0.40219.1
Project("{8BC9CEB8-8B4A-11D0-8D11-00A0C91BC942}") = "01 两数之和", "01 两数之和\01 两数之和.vcxproj", "{EBEAD00D-2F52-4130-8B44-CCBF48671A78}"
EndProject
Project("{8BC9CEB8-8B4A-11D0-8D11-00A0C91BC942}") = "07 整数反转", "07 整数反转\07 整数反转.vcxproj", "{9316C017-7060-4DB9-A9C3-E81A35E4D6DC}"
EndProject
Project("{8BC9CEB8-8B4A-11D0-8D11-00A0C91BC942}") = "09 回文数", "09 回文数\09 回文数.vcxproj", "{5625C30E-C24E-4F87-BBF5-104A5FB8E65E}"
EndProject
Project("{8BC9CEB8-8B4A-11D0-8D11-00A0C91BC942}") = "13 罗马数字转整数", "13 罗马数字转整数\13 罗马数字转整数.vcxproj", "{365D4C68-12FD-45DF-B555-E1333A70D910}"
EndProject
Project("{8BC9CEB8-8B4A-11D0-8D11-00A0C91BC942}") = "14 最长公共前缀", "14 最长公共前缀\14 最长公共前缀.vcxproj", "{C945DF61-93DB-4F9B-831F-BBCD8C1D2687}"
EndProject
Project("{8BC9CEB8-8B4A-11D0-8D11-00A0C91BC942}") = "02 两数相加", "02 两数相加\02 两数相加.vcxproj", "{61D52688-13E0-4DD8-91B6-923EC5DA6CDF}"
EndProject
Project("{8BC9CEB8-8B4A-11D0-8D11-00A0C91BC942}") = "20 有效的括号", "20 有效的括号\20 有效的括号.vcxproj", "{DCF261DF-2AC0-40EF-BFA5-B46ABF89D81C}"
EndProject
Project("{8BC9CEB8-8B4A-11D0-8D11-00A0C91BC942}") = "21 合并两个有序链表", "21 合并两个有序链表\21 合并两个有序链表.vcxproj", "{BB50DCD6-D0B6-4233-85AA-7ACE81D97ED7}"
EndProject
Project("{8BC9CEB8-8B4A-11D0-8D11-00A0C91BC942}") = "26 删除排序数组中的重复项", "26 删除排序数组中的重复项\26 删除排序数组中的重复项.vcxproj", "{C2CFF932-635A-4631-A252-0AECA73694D9}"
EndProject
Project("{8BC9CEB8-8B4A-11D0-8D11-00A0C91BC942}") = "27 移除元素", "27 移除元素\27 移除元素.vcxproj", "{69A4ED0D-0F6A-4CDC-A69A-CF9CBBA2D29E}"
EndProject
Project("{8BC9CEB8-8B4A-11D0-8D11-00A0C91BC942}") = "05 最长回文子串", "05 最长回文子串\05 最长回文子串.vcxproj", "{FF63B527-A8F4-4AFE-BEE9-3AD73C69EE51}"
EndProject
Project("{8BC9CEB8-8B4A-11D0-8D11-00A0C91BC942}") = "03 无重复字符的最长子串", "03 无重复字符的最长子串\3 无重复字符的最长子串.vcxproj", "{5F163469-C298-4D81-A859-32D66E554D1B}"
EndProject
Project("{8BC9CEB8-8B4A-11D0-8D11-00A0C91BC942}") = "28 实现strStr()", "28 实现strStr()\28 实现strStr().vcxproj", "{7363463A-425B-46FF-91C9-675C65ABD990}"
EndProject
Project("{8BC9CEB8-8B4A-11D0-8D11-00A0C91BC942}") = "35 搜索插入位置", "35 搜索插入位置\35 搜索插入位置.vcxproj", "{82435E40-8DE4-41C6-ACC9-A9F57B69C8E5}"
EndProject
Project("{8BC9CEB8-8B4A-11D0-8D11-00A0C91BC942}") = "06 Z字型变换", "06 Z字型变换\06 Z字型变换.vcxproj", "{61787869-7BB4-41A2-9DE8-27172447D25B}"
EndProject
Project("{8BC9CEB8-8B4A-11D0-8D11-00A0C91BC942}") = "38 报数", "38 报数\38 报数.vcxproj", "{E923B361-600E-4EAF-B82F-4F72C3E7C8DC}"
EndProject
Project("{8BC9CEB8-8B4A-11D0-8D11-00A0C91BC942}") = "53 最大子序和", "53 最大子序和\53 最大子序和.vcxproj", "{6E68503A-B703-4594-AD3B-226600354E01}"
EndProject
Project("{8BC9CEB8-8B4A-11D0-8D11-00A0C91BC942}") = "08 字符串转换整数", "08 字符串转换整数\08 字符串转换整数.vcxproj", "{B7EB7E14-146B-4908-B6BA-584525EABA83}"
EndProject
Project("{8BC9CEB8-8B4A-11D0-8D11-00A0C91BC942}") = "11 盛最多水的容器", "11 盛最多水的容器\11 盛最多水的容器.vcxproj", "{55984E26-397D-417A-8014-544A4130D128}"
EndProject
Project("{8BC9CEB8-8B4A-11D0-8D11-00A0C91BC942}") = "12 整数转罗马数字", "12 整数转罗马数字\12 整数转罗马数字.vcxproj", "{D504E58E-6810-4A20-8A53-BE33ED7FE146}"
EndProject
Project("{8BC9CEB8-8B4A-11D0-8D11-00A0C91BC942}") = "15 三数之和", "15 三数之和\15 三数之和.vcxproj", "{420DD895-DD29-4AF6-84BB-636A5D283E87}"
EndProject
Project("{8BC9CEB8-8B4A-11D0-8D11-00A0C91BC942}") = "16 最接近的三数之和", "16 最接近的三数之和\16 最接近的三数之和.vcxproj", "{8736CBCD-8BB3-452B-9B52-54302E2D3B3F}"
EndProject
Project("{8BC9CEB8-8B4A-11D0-8D11-00A0C91BC942}") = "17 电话号码的字母组合", "17 电话号码的字母组合\17 电话号码的字母组合.vcxproj", "{D33CBBAB-7759-40E7-830A-6E8C8BC73B9E}"
EndProject
Project("{8BC9CEB8-8B4A-11D0-8D11-00A0C91BC942}") = "18 四数之和", "18 四数之和\18 四数之和.vcxproj", "{41B4234E-4976-4595-A347-11613EF88287}"
EndProject
Project("{8BC9CEB8-8B4A-11D0-8D11-00A0C91BC942}") = "19 删除链表的倒数第N个节点", "19 删除链表的倒数第N个节点\19 删除链表的倒数第N个节点.vcxproj", "{8AA12C4F-E9E1-4E5D-B385-2EE667341066}"
EndProject
Project("{8BC9CEB8-8B4A-11D0-8D11-00A0C91BC942}") = "22 括号生成", "22 括号生成\22 括号生成.vcxproj", "{118A74EB-83F8-4D32-A758-F5C917DA041C}"
EndProject
Project("{8BC9CEB8-8B4A-11D0-8D11-00A0C91BC942}") = "24 两两交换链表中的节点", "24 两两交换链表中的节点\24 两两交换链表中的节点.vcxproj", "{6303C563-258E-473F-8D71-6CF10AC17A6E}"
EndProject
Project("{8BC9CEB8-8B4A-11D0-8D11-00A0C91BC942}") = "29 两数相除", "29 两数相除\29 两数相除.vcxproj", "{C24028A1-6306-4DEA-990B-1023F01F0C81}"
EndProject
Project("{8BC9CEB8-8B4A-11D0-8D11-00A0C91BC942}") = "04 寻找两个有序数组的中位数", "04 寻找两个有序数组的中位数\04 寻找两个有序数组的中位数.vcxproj", "{32F2C3C3-A238-43D8-82A5-0241602FE75E}"
EndProject
Project("{8BC9CEB8-8B4A-11D0-8D11-00A0C91BC942}") = "10 正则表达式匹配", "10 正则表达式匹配\10 正则表达式匹配.vcxproj", "{6E274907-3E2C-44E4-87E6-4D833EB043D5}"
EndProject
Project("{8BC9CEB8-8B4A-11D0-8D11-00A0C91BC942}") = "58 最后一个单词的长度", "58 最后一个单词的长度\58 最后一个单词的长度.vcxproj", "{E83C0AA1-2D13-412D-A9CD-C14DA652BFC0}"
EndProject
Project("{8BC9CEB8-8B4A-11D0-8D11-00A0C91BC942}") = "23 合并K个排序链表", "23 合并K个排序链表\23 合并K个排序链表.vcxproj", "{B79BA41D-3878-4B3B-A216-78F793A58C17}"
EndProject
Project("{8BC9CEB8-8B4A-11D0-8D11-00A0C91BC942}") = "30 串联所有单词的子串", "30 串联所有单词的子串\30 串联所有单词的子串.vcxproj", "{1CFDA324-0591-45DB-AC58-03CC0B73D01F}"
EndProject
Project("{8BC9CEB8-8B4A-11D0-8D11-00A0C91BC942}") = "31 下一个排列", "31 下一个排列\31 下一个排列.vcxproj", "{0BD11F5A-F6A0-4A4C-BF08-678007469908}"
EndProject
Project("{8BC9CEB8-8B4A-11D0-8D11-00A0C91BC942}") = "33 搜索旋转排序数组", "33 搜索旋转排序数组\33 搜索旋转排序数组.vcxproj", "{46A783B1-BE69-4904-AE2C-987A6FD80425}"
EndProject
Project("{8BC9CEB8-8B4A-11D0-8D11-00A0C91BC942}") = "34 在排序数组中查找元素的第一个和最后一个位置", "34 在排序数组中查找元素的第一个和最后一个位置\34 在排序数组中查找元素的第一个和最后一个位置.vcxproj", "{BED98ADD-6C54-423D-92D8-6CD82EBC2D54}"
EndProject
Global
	GlobalSection(SolutionConfigurationPlatforms) = preSolution
		Debug|x64 = Debug|x64
		Debug|x86 = Debug|x86
		Release|x64 = Release|x64
		Release|x86 = Release|x86
	EndGlobalSection
	GlobalSection(ProjectConfigurationPlatforms) = postSolution
		{EBEAD00D-2F52-4130-8B44-CCBF48671A78}.Debug|x64.ActiveCfg = Debug|x64
		{EBEAD00D-2F52-4130-8B44-CCBF48671A78}.Debug|x64.Build.0 = Debug|x64
		{EBEAD00D-2F52-4130-8B44-CCBF48671A78}.Debug|x86.ActiveCfg = Debug|Win32
		{EBEAD00D-2F52-4130-8B44-CCBF48671A78}.Debug|x86.Build.0 = Debug|Win32
		{EBEAD00D-2F52-4130-8B44-CCBF48671A78}.Release|x64.ActiveCfg = Release|x64
		{EBEAD00D-2F52-4130-8B44-CCBF48671A78}.Release|x64.Build.0 = Release|x64
		{EBEAD00D-2F52-4130-8B44-CCBF48671A78}.Release|x86.ActiveCfg = Release|Win32
		{EBEAD00D-2F52-4130-8B44-CCBF48671A78}.Release|x86.Build.0 = Release|Win32
		{9316C017-7060-4DB9-A9C3-E81A35E4D6DC}.Debug|x64.ActiveCfg = Debug|x64
		{9316C017-7060-4DB9-A9C3-E81A35E4D6DC}.Debug|x64.Build.0 = Debug|x64
		{9316C017-7060-4DB9-A9C3-E81A35E4D6DC}.Debug|x86.ActiveCfg = Debug|Win32
		{9316C017-7060-4DB9-A9C3-E81A35E4D6DC}.Debug|x86.Build.0 = Debug|Win32
		{9316C017-7060-4DB9-A9C3-E81A35E4D6DC}.Release|x64.ActiveCfg = Release|x64
		{9316C017-7060-4DB9-A9C3-E81A35E4D6DC}.Release|x64.Build.0 = Release|x64
		{9316C017-7060-4DB9-A9C3-E81A35E4D6DC}.Release|x86.ActiveCfg = Release|Win32
		{9316C017-7060-4DB9-A9C3-E81A35E4D6DC}.Release|x86.Build.0 = Release|Win32
		{5625C30E-C24E-4F87-BBF5-104A5FB8E65E}.Debug|x64.ActiveCfg = Debug|x64
		{5625C30E-C24E-4F87-BBF5-104A5FB8E65E}.Debug|x64.Build.0 = Debug|x64
		{5625C30E-C24E-4F87-BBF5-104A5FB8E65E}.Debug|x86.ActiveCfg = Debug|Win32
		{5625C30E-C24E-4F87-BBF5-104A5FB8E65E}.Debug|x86.Build.0 = Debug|Win32
		{5625C30E-C24E-4F87-BBF5-104A5FB8E65E}.Release|x64.ActiveCfg = Release|x64
		{5625C30E-C24E-4F87-BBF5-104A5FB8E65E}.Release|x64.Build.0 = Release|x64
		{5625C30E-C24E-4F87-BBF5-104A5FB8E65E}.Release|x86.ActiveCfg = Release|Win32
		{5625C30E-C24E-4F87-BBF5-104A5FB8E65E}.Release|x86.Build.0 = Release|Win32
		{365D4C68-12FD-45DF-B555-E1333A70D910}.Debug|x64.ActiveCfg = Debug|x64
		{365D4C68-12FD-45DF-B555-E1333A70D910}.Debug|x64.Build.0 = Debug|x64
		{365D4C68-12FD-45DF-B555-E1333A70D910}.Debug|x86.ActiveCfg = Debug|Win32
		{365D4C68-12FD-45DF-B555-E1333A70D910}.Debug|x86.Build.0 = Debug|Win32
		{365D4C68-12FD-45DF-B555-E1333A70D910}.Release|x64.ActiveCfg = Release|x64
		{365D4C68-12FD-45DF-B555-E1333A70D910}.Release|x64.Build.0 = Release|x64
		{365D4C68-12FD-45DF-B555-E1333A70D910}.Release|x86.ActiveCfg = Release|Win32
		{365D4C68-12FD-45DF-B555-E1333A70D910}.Release|x86.Build.0 = Release|Win32
		{C945DF61-93DB-4F9B-831F-BBCD8C1D2687}.Debug|x64.ActiveCfg = Debug|x64
		{C945DF61-93DB-4F9B-831F-BBCD8C1D2687}.Debug|x64.Build.0 = Debug|x64
		{C945DF61-93DB-4F9B-831F-BBCD8C1D2687}.Debug|x86.ActiveCfg = Debug|Win32
		{C945DF61-93DB-4F9B-831F-BBCD8C1D2687}.Debug|x86.Build.0 = Debug|Win32
		{C945DF61-93DB-4F9B-831F-BBCD8C1D2687}.Release|x64.ActiveCfg = Release|x64
		{C945DF61-93DB-4F9B-831F-BBCD8C1D2687}.Release|x64.Build.0 = Release|x64
		{C945DF61-93DB-4F9B-831F-BBCD8C1D2687}.Release|x86.ActiveCfg = Release|Win32
		{C945DF61-93DB-4F9B-831F-BBCD8C1D2687}.Release|x86.Build.0 = Release|Win32
		{61D52688-13E0-4DD8-91B6-923EC5DA6CDF}.Debug|x64.ActiveCfg = Debug|x64
		{61D52688-13E0-4DD8-91B6-923EC5DA6CDF}.Debug|x64.Build.0 = Debug|x64
		{61D52688-13E0-4DD8-91B6-923EC5DA6CDF}.Debug|x86.ActiveCfg = Debug|Win32
		{61D52688-13E0-4DD8-91B6-923EC5DA6CDF}.Debug|x86.Build.0 = Debug|Win32
		{61D52688-13E0-4DD8-91B6-923EC5DA6CDF}.Release|x64.ActiveCfg = Release|x64
		{61D52688-13E0-4DD8-91B6-923EC5DA6CDF}.Release|x64.Build.0 = Release|x64
		{61D52688-13E0-4DD8-91B6-923EC5DA6CDF}.Release|x86.ActiveCfg = Release|Win32
		{61D52688-13E0-4DD8-91B6-923EC5DA6CDF}.Release|x86.Build.0 = Release|Win32
		{DCF261DF-2AC0-40EF-BFA5-B46ABF89D81C}.Debug|x64.ActiveCfg = Debug|x64
		{DCF261DF-2AC0-40EF-BFA5-B46ABF89D81C}.Debug|x64.Build.0 = Debug|x64
		{DCF261DF-2AC0-40EF-BFA5-B46ABF89D81C}.Debug|x86.ActiveCfg = Debug|Win32
		{DCF261DF-2AC0-40EF-BFA5-B46ABF89D81C}.Debug|x86.Build.0 = Debug|Win32
		{DCF261DF-2AC0-40EF-BFA5-B46ABF89D81C}.Release|x64.ActiveCfg = Release|x64
		{DCF261DF-2AC0-40EF-BFA5-B46ABF89D81C}.Release|x64.Build.0 = Release|x64
		{DCF261DF-2AC0-40EF-BFA5-B46ABF89D81C}.Release|x86.ActiveCfg = Release|Win32
		{DCF261DF-2AC0-40EF-BFA5-B46ABF89D81C}.Release|x86.Build.0 = Release|Win32
		{BB50DCD6-D0B6-4233-85AA-7ACE81D97ED7}.Debug|x64.ActiveCfg = Debug|x64
		{BB50DCD6-D0B6-4233-85AA-7ACE81D97ED7}.Debug|x64.Build.0 = Debug|x64
		{BB50DCD6-D0B6-4233-85AA-7ACE81D97ED7}.Debug|x86.ActiveCfg = Debug|Win32
		{BB50DCD6-D0B6-4233-85AA-7ACE81D97ED7}.Debug|x86.Build.0 = Debug|Win32
		{BB50DCD6-D0B6-4233-85AA-7ACE81D97ED7}.Release|x64.ActiveCfg = Release|x64
		{BB50DCD6-D0B6-4233-85AA-7ACE81D97ED7}.Release|x64.Build.0 = Release|x64
		{BB50DCD6-D0B6-4233-85AA-7ACE81D97ED7}.Release|x86.ActiveCfg = Release|Win32
		{BB50DCD6-D0B6-4233-85AA-7ACE81D97ED7}.Release|x86.Build.0 = Release|Win32
		{C2CFF932-635A-4631-A252-0AECA73694D9}.Debug|x64.ActiveCfg = Debug|x64
		{C2CFF932-635A-4631-A252-0AECA73694D9}.Debug|x64.Build.0 = Debug|x64
		{C2CFF932-635A-4631-A252-0AECA73694D9}.Debug|x86.ActiveCfg = Debug|Win32
		{C2CFF932-635A-4631-A252-0AECA73694D9}.Debug|x86.Build.0 = Debug|Win32
		{C2CFF932-635A-4631-A252-0AECA73694D9}.Release|x64.ActiveCfg = Release|x64
		{C2CFF932-635A-4631-A252-0AECA73694D9}.Release|x64.Build.0 = Release|x64
		{C2CFF932-635A-4631-A252-0AECA73694D9}.Release|x86.ActiveCfg = Release|Win32
		{C2CFF932-635A-4631-A252-0AECA73694D9}.Release|x86.Build.0 = Release|Win32
		{69A4ED0D-0F6A-4CDC-A69A-CF9CBBA2D29E}.Debug|x64.ActiveCfg = Debug|x64
		{69A4ED0D-0F6A-4CDC-A69A-CF9CBBA2D29E}.Debug|x64.Build.0 = Debug|x64
		{69A4ED0D-0F6A-4CDC-A69A-CF9CBBA2D29E}.Debug|x86.ActiveCfg = Debug|Win32
		{69A4ED0D-0F6A-4CDC-A69A-CF9CBBA2D29E}.Debug|x86.Build.0 = Debug|Win32
		{69A4ED0D-0F6A-4CDC-A69A-CF9CBBA2D29E}.Release|x64.ActiveCfg = Release|x64
		{69A4ED0D-0F6A-4CDC-A69A-CF9CBBA2D29E}.Release|x64.Build.0 = Release|x64
		{69A4ED0D-0F6A-4CDC-A69A-CF9CBBA2D29E}.Release|x86.ActiveCfg = Release|Win32
		{69A4ED0D-0F6A-4CDC-A69A-CF9CBBA2D29E}.Release|x86.Build.0 = Release|Win32
		{FF63B527-A8F4-4AFE-BEE9-3AD73C69EE51}.Debug|x64.ActiveCfg = Debug|x64
		{FF63B527-A8F4-4AFE-BEE9-3AD73C69EE51}.Debug|x64.Build.0 = Debug|x64
		{FF63B527-A8F4-4AFE-BEE9-3AD73C69EE51}.Debug|x86.ActiveCfg = Debug|Win32
		{FF63B527-A8F4-4AFE-BEE9-3AD73C69EE51}.Debug|x86.Build.0 = Debug|Win32
		{FF63B527-A8F4-4AFE-BEE9-3AD73C69EE51}.Release|x64.ActiveCfg = Release|x64
		{FF63B527-A8F4-4AFE-BEE9-3AD73C69EE51}.Release|x64.Build.0 = Release|x64
		{FF63B527-A8F4-4AFE-BEE9-3AD73C69EE51}.Release|x86.ActiveCfg = Release|Win32
		{FF63B527-A8F4-4AFE-BEE9-3AD73C69EE51}.Release|x86.Build.0 = Release|Win32
		{5F163469-C298-4D81-A859-32D66E554D1B}.Debug|x64.ActiveCfg = Debug|x64
		{5F163469-C298-4D81-A859-32D66E554D1B}.Debug|x64.Build.0 = Debug|x64
		{5F163469-C298-4D81-A859-32D66E554D1B}.Debug|x86.ActiveCfg = Debug|Win32
		{5F163469-C298-4D81-A859-32D66E554D1B}.Debug|x86.Build.0 = Debug|Win32
		{5F163469-C298-4D81-A859-32D66E554D1B}.Release|x64.ActiveCfg = Release|x64
		{5F163469-C298-4D81-A859-32D66E554D1B}.Release|x64.Build.0 = Release|x64
		{5F163469-C298-4D81-A859-32D66E554D1B}.Release|x86.ActiveCfg = Release|Win32
		{5F163469-C298-4D81-A859-32D66E554D1B}.Release|x86.Build.0 = Release|Win32
		{7363463A-425B-46FF-91C9-675C65ABD990}.Debug|x64.ActiveCfg = Debug|x64
		{7363463A-425B-46FF-91C9-675C65ABD990}.Debug|x64.Build.0 = Debug|x64
		{7363463A-425B-46FF-91C9-675C65ABD990}.Debug|x86.ActiveCfg = Debug|Win32
		{7363463A-425B-46FF-91C9-675C65ABD990}.Debug|x86.Build.0 = Debug|Win32
		{7363463A-425B-46FF-91C9-675C65ABD990}.Release|x64.ActiveCfg = Release|x64
		{7363463A-425B-46FF-91C9-675C65ABD990}.Release|x64.Build.0 = Release|x64
		{7363463A-425B-46FF-91C9-675C65ABD990}.Release|x86.ActiveCfg = Release|Win32
		{7363463A-425B-46FF-91C9-675C65ABD990}.Release|x86.Build.0 = Release|Win32
		{82435E40-8DE4-41C6-ACC9-A9F57B69C8E5}.Debug|x64.ActiveCfg = Debug|x64
		{82435E40-8DE4-41C6-ACC9-A9F57B69C8E5}.Debug|x64.Build.0 = Debug|x64
		{82435E40-8DE4-41C6-ACC9-A9F57B69C8E5}.Debug|x86.ActiveCfg = Debug|Win32
		{82435E40-8DE4-41C6-ACC9-A9F57B69C8E5}.Debug|x86.Build.0 = Debug|Win32
		{82435E40-8DE4-41C6-ACC9-A9F57B69C8E5}.Release|x64.ActiveCfg = Release|x64
		{82435E40-8DE4-41C6-ACC9-A9F57B69C8E5}.Release|x64.Build.0 = Release|x64
		{82435E40-8DE4-41C6-ACC9-A9F57B69C8E5}.Release|x86.ActiveCfg = Release|Win32
		{82435E40-8DE4-41C6-ACC9-A9F57B69C8E5}.Release|x86.Build.0 = Release|Win32
		{61787869-7BB4-41A2-9DE8-27172447D25B}.Debug|x64.ActiveCfg = Debug|x64
		{61787869-7BB4-41A2-9DE8-27172447D25B}.Debug|x64.Build.0 = Debug|x64
		{61787869-7BB4-41A2-9DE8-27172447D25B}.Debug|x86.ActiveCfg = Debug|Win32
		{61787869-7BB4-41A2-9DE8-27172447D25B}.Debug|x86.Build.0 = Debug|Win32
		{61787869-7BB4-41A2-9DE8-27172447D25B}.Release|x64.ActiveCfg = Release|x64
		{61787869-7BB4-41A2-9DE8-27172447D25B}.Release|x64.Build.0 = Release|x64
		{61787869-7BB4-41A2-9DE8-27172447D25B}.Release|x86.ActiveCfg = Release|Win32
		{61787869-7BB4-41A2-9DE8-27172447D25B}.Release|x86.Build.0 = Release|Win32
		{E923B361-600E-4EAF-B82F-4F72C3E7C8DC}.Debug|x64.ActiveCfg = Debug|x64
		{E923B361-600E-4EAF-B82F-4F72C3E7C8DC}.Debug|x64.Build.0 = Debug|x64
		{E923B361-600E-4EAF-B82F-4F72C3E7C8DC}.Debug|x86.ActiveCfg = Debug|Win32
		{E923B361-600E-4EAF-B82F-4F72C3E7C8DC}.Debug|x86.Build.0 = Debug|Win32
		{E923B361-600E-4EAF-B82F-4F72C3E7C8DC}.Release|x64.ActiveCfg = Release|x64
		{E923B361-600E-4EAF-B82F-4F72C3E7C8DC}.Release|x64.Build.0 = Release|x64
		{E923B361-600E-4EAF-B82F-4F72C3E7C8DC}.Release|x86.ActiveCfg = Release|Win32
		{E923B361-600E-4EAF-B82F-4F72C3E7C8DC}.Release|x86.Build.0 = Release|Win32
		{6E68503A-B703-4594-AD3B-226600354E01}.Debug|x64.ActiveCfg = Debug|x64
		{6E68503A-B703-4594-AD3B-226600354E01}.Debug|x64.Build.0 = Debug|x64
		{6E68503A-B703-4594-AD3B-226600354E01}.Debug|x86.ActiveCfg = Debug|Win32
		{6E68503A-B703-4594-AD3B-226600354E01}.Debug|x86.Build.0 = Debug|Win32
		{6E68503A-B703-4594-AD3B-226600354E01}.Release|x64.ActiveCfg = Release|x64
		{6E68503A-B703-4594-AD3B-226600354E01}.Release|x64.Build.0 = Release|x64
		{6E68503A-B703-4594-AD3B-226600354E01}.Release|x86.ActiveCfg = Release|Win32
		{6E68503A-B703-4594-AD3B-226600354E01}.Release|x86.Build.0 = Release|Win32
		{B7EB7E14-146B-4908-B6BA-584525EABA83}.Debug|x64.ActiveCfg = Debug|x64
		{B7EB7E14-146B-4908-B6BA-584525EABA83}.Debug|x64.Build.0 = Debug|x64
		{B7EB7E14-146B-4908-B6BA-584525EABA83}.Debug|x86.ActiveCfg = Debug|Win32
		{B7EB7E14-146B-4908-B6BA-584525EABA83}.Debug|x86.Build.0 = Debug|Win32
		{B7EB7E14-146B-4908-B6BA-584525EABA83}.Release|x64.ActiveCfg = Release|x64
		{B7EB7E14-146B-4908-B6BA-584525EABA83}.Release|x64.Build.0 = Release|x64
		{B7EB7E14-146B-4908-B6BA-584525EABA83}.Release|x86.ActiveCfg = Release|Win32
		{B7EB7E14-146B-4908-B6BA-584525EABA83}.Release|x86.Build.0 = Release|Win32
		{55984E26-397D-417A-8014-544A4130D128}.Debug|x64.ActiveCfg = Debug|x64
		{55984E26-397D-417A-8014-544A4130D128}.Debug|x64.Build.0 = Debug|x64
		{55984E26-397D-417A-8014-544A4130D128}.Debug|x86.ActiveCfg = Debug|Win32
		{55984E26-397D-417A-8014-544A4130D128}.Debug|x86.Build.0 = Debug|Win32
		{55984E26-397D-417A-8014-544A4130D128}.Release|x64.ActiveCfg = Release|x64
		{55984E26-397D-417A-8014-544A4130D128}.Release|x64.Build.0 = Release|x64
		{55984E26-397D-417A-8014-544A4130D128}.Release|x86.ActiveCfg = Release|Win32
		{55984E26-397D-417A-8014-544A4130D128}.Release|x86.Build.0 = Release|Win32
		{D504E58E-6810-4A20-8A53-BE33ED7FE146}.Debug|x64.ActiveCfg = Debug|x64
		{D504E58E-6810-4A20-8A53-BE33ED7FE146}.Debug|x64.Build.0 = Debug|x64
		{D504E58E-6810-4A20-8A53-BE33ED7FE146}.Debug|x86.ActiveCfg = Debug|Win32
		{D504E58E-6810-4A20-8A53-BE33ED7FE146}.Debug|x86.Build.0 = Debug|Win32
		{D504E58E-6810-4A20-8A53-BE33ED7FE146}.Release|x64.ActiveCfg = Release|x64
		{D504E58E-6810-4A20-8A53-BE33ED7FE146}.Release|x64.Build.0 = Release|x64
		{D504E58E-6810-4A20-8A53-BE33ED7FE146}.Release|x86.ActiveCfg = Release|Win32
		{D504E58E-6810-4A20-8A53-BE33ED7FE146}.Release|x86.Build.0 = Release|Win32
		{420DD895-DD29-4AF6-84BB-636A5D283E87}.Debug|x64.ActiveCfg = Debug|x64
		{420DD895-DD29-4AF6-84BB-636A5D283E87}.Debug|x64.Build.0 = Debug|x64
		{420DD895-DD29-4AF6-84BB-636A5D283E87}.Debug|x86.ActiveCfg = Debug|Win32
		{420DD895-DD29-4AF6-84BB-636A5D283E87}.Debug|x86.Build.0 = Debug|Win32
		{420DD895-DD29-4AF6-84BB-636A5D283E87}.Release|x64.ActiveCfg = Release|x64
		{420DD895-DD29-4AF6-84BB-636A5D283E87}.Release|x64.Build.0 = Release|x64
		{420DD895-DD29-4AF6-84BB-636A5D283E87}.Release|x86.ActiveCfg = Release|Win32
		{420DD895-DD29-4AF6-84BB-636A5D283E87}.Release|x86.Build.0 = Release|Win32
		{8736CBCD-8BB3-452B-9B52-54302E2D3B3F}.Debug|x64.ActiveCfg = Debug|x64
		{8736CBCD-8BB3-452B-9B52-54302E2D3B3F}.Debug|x64.Build.0 = Debug|x64
		{8736CBCD-8BB3-452B-9B52-54302E2D3B3F}.Debug|x86.ActiveCfg = Debug|Win32
		{8736CBCD-8BB3-452B-9B52-54302E2D3B3F}.Debug|x86.Build.0 = Debug|Win32
		{8736CBCD-8BB3-452B-9B52-54302E2D3B3F}.Release|x64.ActiveCfg = Release|x64
		{8736CBCD-8BB3-452B-9B52-54302E2D3B3F}.Release|x64.Build.0 = Release|x64
		{8736CBCD-8BB3-452B-9B52-54302E2D3B3F}.Release|x86.ActiveCfg = Release|Win32
		{8736CBCD-8BB3-452B-9B52-54302E2D3B3F}.Release|x86.Build.0 = Release|Win32
		{D33CBBAB-7759-40E7-830A-6E8C8BC73B9E}.Debug|x64.ActiveCfg = Debug|x64
		{D33CBBAB-7759-40E7-830A-6E8C8BC73B9E}.Debug|x64.Build.0 = Debug|x64
		{D33CBBAB-7759-40E7-830A-6E8C8BC73B9E}.Debug|x86.ActiveCfg = Debug|Win32
		{D33CBBAB-7759-40E7-830A-6E8C8BC73B9E}.Debug|x86.Build.0 = Debug|Win32
		{D33CBBAB-7759-40E7-830A-6E8C8BC73B9E}.Release|x64.ActiveCfg = Release|x64
		{D33CBBAB-7759-40E7-830A-6E8C8BC73B9E}.Release|x64.Build.0 = Release|x64
		{D33CBBAB-7759-40E7-830A-6E8C8BC73B9E}.Release|x86.ActiveCfg = Release|Win32
		{D33CBBAB-7759-40E7-830A-6E8C8BC73B9E}.Release|x86.Build.0 = Release|Win32
		{41B4234E-4976-4595-A347-11613EF88287}.Debug|x64.ActiveCfg = Debug|x64
		{41B4234E-4976-4595-A347-11613EF88287}.Debug|x64.Build.0 = Debug|x64
		{41B4234E-4976-4595-A347-11613EF88287}.Debug|x86.ActiveCfg = Debug|Win32
		{41B4234E-4976-4595-A347-11613EF88287}.Debug|x86.Build.0 = Debug|Win32
		{41B4234E-4976-4595-A347-11613EF88287}.Release|x64.ActiveCfg = Release|x64
		{41B4234E-4976-4595-A347-11613EF88287}.Release|x64.Build.0 = Release|x64
		{41B4234E-4976-4595-A347-11613EF88287}.Release|x86.ActiveCfg = Release|Win32
		{41B4234E-4976-4595-A347-11613EF88287}.Release|x86.Build.0 = Release|Win32
		{8AA12C4F-E9E1-4E5D-B385-2EE667341066}.Debug|x64.ActiveCfg = Debug|x64
		{8AA12C4F-E9E1-4E5D-B385-2EE667341066}.Debug|x64.Build.0 = Debug|x64
		{8AA12C4F-E9E1-4E5D-B385-2EE667341066}.Debug|x86.ActiveCfg = Debug|Win32
		{8AA12C4F-E9E1-4E5D-B385-2EE667341066}.Debug|x86.Build.0 = Debug|Win32
		{8AA12C4F-E9E1-4E5D-B385-2EE667341066}.Release|x64.ActiveCfg = Release|x64
		{8AA12C4F-E9E1-4E5D-B385-2EE667341066}.Release|x64.Build.0 = Release|x64
		{8AA12C4F-E9E1-4E5D-B385-2EE667341066}.Release|x86.ActiveCfg = Release|Win32
		{8AA12C4F-E9E1-4E5D-B385-2EE667341066}.Release|x86.Build.0 = Release|Win32
		{118A74EB-83F8-4D32-A758-F5C917DA041C}.Debug|x64.ActiveCfg = Debug|x64
		{118A74EB-83F8-4D32-A758-F5C917DA041C}.Debug|x64.Build.0 = Debug|x64
		{118A74EB-83F8-4D32-A758-F5C917DA041C}.Debug|x86.ActiveCfg = Debug|Win32
		{118A74EB-83F8-4D32-A758-F5C917DA041C}.Debug|x86.Build.0 = Debug|Win32
		{118A74EB-83F8-4D32-A758-F5C917DA041C}.Release|x64.ActiveCfg = Release|x64
		{118A74EB-83F8-4D32-A758-F5C917DA041C}.Release|x64.Build.0 = Release|x64
		{118A74EB-83F8-4D32-A758-F5C917DA041C}.Release|x86.ActiveCfg = Release|Win32
		{118A74EB-83F8-4D32-A758-F5C917DA041C}.Release|x86.Build.0 = Release|Win32
		{6303C563-258E-473F-8D71-6CF10AC17A6E}.Debug|x64.ActiveCfg = Debug|x64
		{6303C563-258E-473F-8D71-6CF10AC17A6E}.Debug|x64.Build.0 = Debug|x64
		{6303C563-258E-473F-8D71-6CF10AC17A6E}.Debug|x86.ActiveCfg = Debug|Win32
		{6303C563-258E-473F-8D71-6CF10AC17A6E}.Debug|x86.Build.0 = Debug|Win32
		{6303C563-258E-473F-8D71-6CF10AC17A6E}.Release|x64.ActiveCfg = Release|x64
		{6303C563-258E-473F-8D71-6CF10AC17A6E}.Release|x64.Build.0 = Release|x64
		{6303C563-258E-473F-8D71-6CF10AC17A6E}.Release|x86.ActiveCfg = Release|Win32
		{6303C563-258E-473F-8D71-6CF10AC17A6E}.Release|x86.Build.0 = Release|Win32
		{C24028A1-6306-4DEA-990B-1023F01F0C81}.Debug|x64.ActiveCfg = Debug|x64
		{C24028A1-6306-4DEA-990B-1023F01F0C81}.Debug|x64.Build.0 = Debug|x64
		{C24028A1-6306-4DEA-990B-1023F01F0C81}.Debug|x86.ActiveCfg = Debug|Win32
		{C24028A1-6306-4DEA-990B-1023F01F0C81}.Debug|x86.Build.0 = Debug|Win32
		{C24028A1-6306-4DEA-990B-1023F01F0C81}.Release|x64.ActiveCfg = Release|x64
		{C24028A1-6306-4DEA-990B-1023F01F0C81}.Release|x64.Build.0 = Release|x64
		{C24028A1-6306-4DEA-990B-1023F01F0C81}.Release|x86.ActiveCfg = Release|Win32
		{C24028A1-6306-4DEA-990B-1023F01F0C81}.Release|x86.Build.0 = Release|Win32
		{32F2C3C3-A238-43D8-82A5-0241602FE75E}.Debug|x64.ActiveCfg = Debug|x64
		{32F2C3C3-A238-43D8-82A5-0241602FE75E}.Debug|x64.Build.0 = Debug|x64
		{32F2C3C3-A238-43D8-82A5-0241602FE75E}.Debug|x86.ActiveCfg = Debug|Win32
		{32F2C3C3-A238-43D8-82A5-0241602FE75E}.Debug|x86.Build.0 = Debug|Win32
		{32F2C3C3-A238-43D8-82A5-0241602FE75E}.Release|x64.ActiveCfg = Release|x64
		{32F2C3C3-A238-43D8-82A5-0241602FE75E}.Release|x64.Build.0 = Release|x64
		{32F2C3C3-A238-43D8-82A5-0241602FE75E}.Release|x86.ActiveCfg = Release|Win32
		{32F2C3C3-A238-43D8-82A5-0241602FE75E}.Release|x86.Build.0 = Release|Win32
		{6E274907-3E2C-44E4-87E6-4D833EB043D5}.Debug|x64.ActiveCfg = Debug|x64
		{6E274907-3E2C-44E4-87E6-4D833EB043D5}.Debug|x64.Build.0 = Debug|x64
		{6E274907-3E2C-44E4-87E6-4D833EB043D5}.Debug|x86.ActiveCfg = Debug|Win32
		{6E274907-3E2C-44E4-87E6-4D833EB043D5}.Debug|x86.Build.0 = Debug|Win32
		{6E274907-3E2C-44E4-87E6-4D833EB043D5}.Release|x64.ActiveCfg = Release|x64
		{6E274907-3E2C-44E4-87E6-4D833EB043D5}.Release|x64.Build.0 = Release|x64
		{6E274907-3E2C-44E4-87E6-4D833EB043D5}.Release|x86.ActiveCfg = Release|Win32
		{6E274907-3E2C-44E4-87E6-4D833EB043D5}.Release|x86.Build.0 = Release|Win32
		{E83C0AA1-2D13-412D-A9CD-C14DA652BFC0}.Debug|x64.ActiveCfg = Debug|x64
		{E83C0AA1-2D13-412D-A9CD-C14DA652BFC0}.Debug|x64.Build.0 = Debug|x64
		{E83C0AA1-2D13-412D-A9CD-C14DA652BFC0}.Debug|x86.ActiveCfg = Debug|Win32
		{E83C0AA1-2D13-412D-A9CD-C14DA652BFC0}.Debug|x86.Build.0 = Debug|Win32
		{E83C0AA1-2D13-412D-A9CD-C14DA652BFC0}.Release|x64.ActiveCfg = Release|x64
		{E83C0AA1-2D13-412D-A9CD-C14DA652BFC0}.Release|x64.Build.0 = Release|x64
		{E83C0AA1-2D13-412D-A9CD-C14DA652BFC0}.Release|x86.ActiveCfg = Release|Win32
		{E83C0AA1-2D13-412D-A9CD-C14DA652BFC0}.Release|x86.Build.0 = Release|Win32
		{B79BA41D-3878-4B3B-A216-78F793A58C17}.Debug|x64.ActiveCfg = Debug|x64
		{B79BA41D-3878-4B3B-A216-78F793A58C17}.Debug|x64.Build.0 = Debug|x64
		{B79BA41D-3878-4B3B-A216-78F793A58C17}.Debug|x86.ActiveCfg = Debug|Win32
		{B79BA41D-3878-4B3B-A216-78F793A58C17}.Debug|x86.Build.0 = Debug|Win32
		{B79BA41D-3878-4B3B-A216-78F793A58C17}.Release|x64.ActiveCfg = Release|x64
		{B79BA41D-3878-4B3B-A216-78F793A58C17}.Release|x64.Build.0 = Release|x64
		{B79BA41D-3878-4B3B-A216-78F793A58C17}.Release|x86.ActiveCfg = Release|Win32
		{B79BA41D-3878-4B3B-A216-78F793A58C17}.Release|x86.Build.0 = Release|Win32
		{1CFDA324-0591-45DB-AC58-03CC0B73D01F}.Debug|x64.ActiveCfg = Debug|x64
		{1CFDA324-0591-45DB-AC58-03CC0B73D01F}.Debug|x64.Build.0 = Debug|x64
		{1CFDA324-0591-45DB-AC58-03CC0B73D01F}.Debug|x86.ActiveCfg = Debug|Win32
		{1CFDA324-0591-45DB-AC58-03CC0B73D01F}.Debug|x86.Build.0 = Debug|Win32
		{1CFDA324-0591-45DB-AC58-03CC0B73D01F}.Release|x64.ActiveCfg = Release|x64
		{1CFDA324-0591-45DB-AC58-03CC0B73D01F}.Release|x64.Build.0 = Release|x64
		{1CFDA324-0591-45DB-AC58-03CC0B73D01F}.Release|x86.ActiveCfg = Release|Win32
		{1CFDA324-0591-45DB-AC58-03CC0B73D01F}.Release|x86.Build.0 = Release|Win32
		{0BD11F5A-F6A0-4A4C-BF08-678007469908}.Debug|x64.ActiveCfg = Debug|x64
		{0BD11F5A-F6A0-4A4C-BF08-678007469908}.Debug|x64.Build.0 = Debug|x64
		{0BD11F5A-F6A0-4A4C-BF08-678007469908}.Debug|x86.ActiveCfg = Debug|Win32
		{0BD11F5A-F6A0-4A4C-BF08-678007469908}.Debug|x86.Build.0 = Debug|Win32
		{0BD11F5A-F6A0-4A4C-BF08-678007469908}.Release|x64.ActiveCfg = Release|x64
		{0BD11F5A-F6A0-4A4C-BF08-678007469908}.Release|x64.Build.0 = Release|x64
		{0BD11F5A-F6A0-4A4C-BF08-678007469908}.Release|x86.ActiveCfg = Release|Win32
		{0BD11F5A-F6A0-4A4C-BF08-678007469908}.Release|x86.Build.0 = Release|Win32
		{46A783B1-BE69-4904-AE2C-987A6FD80425}.Debug|x64.ActiveCfg = Debug|x64
		{46A783B1-BE69-4904-AE2C-987A6FD80425}.Debug|x64.Build.0 = Debug|x64
		{46A783B1-BE69-4904-AE2C-987A6FD80425}.Debug|x86.ActiveCfg = Debug|Win32
		{46A783B1-BE69-4904-AE2C-987A6FD80425}.Debug|x86.Build.0 = Debug|Win32
		{46A783B1-BE69-4904-AE2C-987A6FD80425}.Release|x64.ActiveCfg = Release|x64
		{46A783B1-BE69-4904-AE2C-987A6FD80425}.Release|x64.Build.0 = Release|x64
		{46A783B1-BE69-4904-AE2C-987A6FD80425}.Release|x86.ActiveCfg = Release|Win32
		{46A783B1-BE69-4904-AE2C-987A6FD80425}.Release|x86.Build.0 = Release|Win32
		{BED98ADD-6C54-423D-92D8-6CD82EBC2D54}.Debug|x64.ActiveCfg = Debug|x64
		{BED98ADD-6C54-423D-92D8-6CD82EBC2D54}.Debug|x64.Build.0 = Debug|x64
		{BED98ADD-6C54-423D-92D8-6CD82EBC2D54}.Debug|x86.ActiveCfg = Debug|Win32
		{BED98ADD-6C54-423D-92D8-6CD82EBC2D54}.Debug|x86.Build.0 = Debug|Win32
		{BED98ADD-6C54-423D-92D8-6CD82EBC2D54}.Release|x64.ActiveCfg = Release|x64
		{BED98ADD-6C54-423D-92D8-6CD82EBC2D54}.Release|x64.Build.0 = Release|x64
		{BED98ADD-6C54-423D-92D8-6CD82EBC2D54}.Release|x86.ActiveCfg = Release|Win32
		{BED98ADD-6C54-423D-92D8-6CD82EBC2D54}.Release|x86.Build.0 = Release|Win32
	EndGlobalSection
	GlobalSection(SolutionProperties) = preSolution
		HideSolutionNode = FALSE
	EndGlobalSection
EndGlobal
