
Microsoft Visual Studio Solution File, Format Version 12.00
# Visual Studio 14
VisualStudioVersion = 14.0.23107.0
MinimumVisualStudioVersion = 10.0.40219.1
Project("{8BC9CEB8-8B4A-11D0-8D11-00A0C91BC942}") = "01 两数之和", "01 两数之和\01 两数之和.vcxproj", "{EBEAD00D-2F52-4130-8B44-CCBF48671A78}"
EndProject
Project("{8BC9CEB8-8B4A-11D0-8D11-00A0C91BC942}") = "07 整数反转", "07 整数反转\07 整数反转.vcxproj", "{9316C017-7060-4DB9-A9C3-E81A35E4D6DC}"
EndProject
Project("{8BC9CEB8-8B4A-11D0-8D11-00A0C91BC942}") = "09 回文数", "09 回文数\09 回文数.vcxproj", "{5625C30E-C24E-4F87-BBF5-104A5FB8E65E}"
EndProject
Project("{8BC9CEB8-8B4A-11D0-8D11-00A0C91BC942}") = "13 罗马数字转整数", "13 罗马数字转整数\13 罗马数字转整数.vcxproj", "{365D4C68-12FD-45DF-B555-E1333A70D910}"
EndProject
Project("{8BC9CEB8-8B4A-11D0-8D11-00A0C91BC942}") = "14 最长公共前缀", "14 最长公共前缀\14 最长公共前缀.vcxproj", "{C945DF61-93DB-4F9B-831F-BBCD8C1D2687}"
EndProject
Project("{8BC9CEB8-8B4A-11D0-8D11-00A0C91BC942}") = "02 两数相加", "02 两数相加\02 两数相加.vcxproj", "{61D52688-13E0-4DD8-91B6-923EC5DA6CDF}"
EndProject
Project("{8BC9CEB8-8B4A-11D0-8D11-00A0C91BC942}") = "20 有效的括号", "20 有效的括号\20 有效的括号.vcxproj", "{DCF261DF-2AC0-40EF-BFA5-B46ABF89D81C}"
EndProject
Project("{8BC9CEB8-8B4A-11D0-8D11-00A0C91BC942}") = "21 合并两个有序链表", "21 合并两个有序链表\21 合并两个有序链表.vcxproj", "{BB50DCD6-D0B6-4233-85AA-7ACE81D97ED7}"
EndProject
Project("{8BC9CEB8-8B4A-11D0-8D11-00A0C91BC942}") = "26 删除排序数组中的重复项", "26 删除排序数组中的重复项\26 删除排序数组中的重复项.vcxproj", "{C2CFF932-635A-4631-A252-0AECA73694D9}"
EndProject
Project("{8BC9CEB8-8B4A-11D0-8D11-00A0C91BC942}") = "27 移除元素", "27 移除元素\27 移除元素.vcxproj", "{69A4ED0D-0F6A-4CDC-A69A-CF9CBBA2D29E}"
EndProject
Project("{8BC9CEB8-8B4A-11D0-8D11-00A0C91BC942}") = "05 最长回文子串", "05 最长回文子串\05 最长回文子串.vcxproj", "{FF63B527-A8F4-4AFE-BEE9-3AD73C69EE51}"
EndProject
Project("{8BC9CEB8-8B4A-11D0-8D11-00A0C91BC942}") = "03 无重复字符的最长子串", "03 无重复字符的最长子串\3 无重复字符的最长子串.vcxproj", "{5F163469-C298-4D81-A859-32D66E554D1B}"
EndProject
Project("{8BC9CEB8-8B4A-11D0-8D11-00A0C91BC942}") = "28 实现strStr()", "28 实现strStr()\28 实现strStr().vcxproj", "{7363463A-425B-46FF-91C9-675C65ABD990}"
EndProject
Project("{8BC9CEB8-8B4A-11D0-8D11-00A0C91BC942}") = "35 搜索插入位置", "35 搜索插入位置\35 搜索插入位置.vcxproj", "{82435E40-8DE4-41C6-ACC9-A9F57B69C8E5}"
EndProject
Project("{8BC9CEB8-8B4A-11D0-8D11-00A0C91BC942}") = "06 Z字型变换", "06 Z字型变换\06 Z字型变换.vcxproj", "{61787869-7BB4-41A2-9DE8-27172447D25B}"
EndProject
Project("{8BC9CEB8-8B4A-11D0-8D11-00A0C91BC942}") = "38 报数", "38 报数\38 报数.vcxproj", "{E923B361-600E-4EAF-B82F-4F72C3E7C8DC}"
EndProject
Project("{8BC9CEB8-8B4A-11D0-8D11-00A0C91BC942}") = "53 最大子序和", "53 最大子序和\53 最大子序和.vcxproj", "{6E68503A-B703-4594-AD3B-226600354E01}"
EndProject
Project("{8BC9CEB8-8B4A-11D0-8D11-00A0C91BC942}") = "08 字符串转换整数", "08 字符串转换整数\08 字符串转换整数.vcxproj", "{B7EB7E14-146B-4908-B6BA-584525EABA83}"
EndProject
Project("{8BC9CEB8-8B4A-11D0-8D11-00A0C91BC942}") = "11 盛最多水的容器", "11 盛最多水的容器\11 盛最多水的容器.vcxproj", "{55984E26-397D-417A-8014-544A4130D128}"
EndProject
Project("{8BC9CEB8-8B4A-11D0-8D11-00A0C91BC942}") = "12 整数转罗马数字", "12 整数转罗马数字\12 整数转罗马数字.vcxproj", "{D504E58E-6810-4A20-8A53-BE33ED7FE146}"
EndProject
Project("{8BC9CEB8-8B4A-11D0-8D11-00A0C91BC942}") = "15 三数之和", "15 三数之和\15 三数之和.vcxproj", "{420DD895-DD29-4AF6-84BB-636A5D283E87}"
EndProject
Project("{8BC9CEB8-8B4A-11D0-8D11-00A0C91BC942}") = "16 最接近的三数之和", "16 最接近的三数之和\16 最接近的三数之和.vcxproj", "{8736CBCD-8BB3-452B-9B52-54302E2D3B3F}"
EndProject
Project("{8BC9CEB8-8B4A-11D0-8D11-00A0C91BC942}") = "17 电话号码的字母组合", "17 电话号码的字母组合\17 电话号码的字母组合.vcxproj", "{D33CBBAB-7759-40E7-830A-6E8C8BC73B9E}"
EndProject
Project("{8BC9CEB8-8B4A-11D0-8D11-00A0C91BC942}") = "18 四数之和", "18 四数之和\18 四数之和.vcxproj", "{41B4234E-4976-4595-A347-11613EF88287}"
EndProject
Project("{8BC9CEB8-8B4A-11D0-8D11-00A0C91BC942}") = "19 删除链表的倒数第N个节点", "19 删除链表的倒数第N个节点\19 删除链表的倒数第N个节点.vcxproj", "{8AA12C4F-E9E1-4E5D-B385-2EE667341066}"
EndProject
Project("{8BC9CEB8-8B4A-11D0-8D11-00A0C91BC942}") = "22 括号生成", "22 括号生成\22 括号生成.vcxproj", "{118A74EB-83F8-4D32-A758-F5C917DA041C}"
EndProject
Project("{8BC9CEB8-8B4A-11D0-8D11-00A0C91BC942}") = "24 两两交换链表中的节点", "24 两两交换链表中的节点\24 两两交换链表中的节点.vcxproj", "{6303C563-258E-473F-8D71-6CF10AC17A6E}"
EndProject
Project("{8BC9CEB8-8B4A-11D0-8D11-00A0C91BC942}") = "29 两数相除", "29 两数相除\29 两数相除.vcxproj", "{C24028A1-6306-4DEA-990B-1023F01F0C81}"
EndProject
Project("{8BC9CEB8-8B4A-11D0-8D11-00A0C91BC942}") = "04 寻找两个有序数组的中位数", "04 寻找两个有序数组的中位数\04 寻找两个有序数组的中位数.vcxproj", "{32F2C3C3-A238-43D8-82A5-0241602FE75E}"
EndProject
Project("{8BC9CEB8-8B4A-11D0-8D11-00A0C91BC942}") = "10 正则表达式匹配", "10 正则表达式匹配\10 正则表达式匹配.vcxproj", "{6E274907-3E2C-44E4-87E6-4D833EB043D5}"
EndProject
Project("{8BC9CEB8-8B4A-11D0-8D11-00A0C91BC942}") = "58 最后一个单词的长度", "58 最后一个单词的长度\58 最后一个单词的长度.vcxproj", "{E83C0AA1-2D13-412D-A9CD-C14DA652BFC0}"
EndProject
Project("{8BC9CEB8-8B4A-11D0-8D11-00A0C91BC942}") = "23 合并K个排序链表", "23 合并K个排序链表\23 合并K个排序链表.vcxproj", "{B79BA41D-3878-4B3B-A216-78F793A58C17}"
EndProject
Project("{8BC9CEB8-8B4A-11D0-8D11-00A0C91BC942}") = "30 串联所有单词的子串", "30 串联所有单词的子串\30 串联所有单词的子串.vcxproj", "{1CFDA324-0591-45DB-AC58-03CC0B73D01F}"
EndProject
Project("{8BC9CEB8-8B4A-11D0-8D11-00A0C91BC942}") = "31 下一个排列", "31 下一个排列\31 下一个排列.vcxproj", "{0BD11F5A-F6A0-4A4C-BF08-678007469908}"
EndProject
Project("{8BC9CEB8-8B4A-11D0-8D11-00A0C91BC942}") = "33 搜索旋转排序数组", "33 搜索旋转排序数组\33 搜索旋转排序数组.vcxproj", "{46A783B1-BE69-4904-AE2C-987A6FD80425}"
EndProject
Project("{8BC9CEB8-8B4A-11D0-8D11-00A0C91BC942}") = "34 在排序数组中查找元素的第一个和最后一个位置", "34 在排序数组中查找元素的第一个和最后一个位置\34 在排序数组中查找元素的第一个和最后一个位置.vcxproj", "{BED98ADD-6C54-423D-92D8-6CD82EBC2D54}"
EndProject
Project("{8BC9CEB8-8B4A-11D0-8D11-00A0C91BC942}") = "39 组合总和", "39 组合总和\39 组合总和.vcxproj", "{08070039-2A7F-4090-8BF6-101D36118C43}"
EndProject
Project("{8BC9CEB8-8B4A-11D0-8D11-00A0C91BC942}") = "36 有效的数独", "36 有效的数独\36 有效的数独.vcxproj", "{73829547-8270-44FC-9CB2-C4A0EE170884}"
EndProject
Project("{8BC9CEB8-8B4A-11D0-8D11-00A0C91BC942}") = "40 组合总和 II", "40 组合总和 II\40 组合总和 II.vcxproj", "{776D66F5-D209-4791-B7E3-8DB29B40C2A4}"
EndProject
Project("{8BC9CEB8-8B4A-11D0-8D11-00A0C91BC942}") = "41 缺失的第一个正数", "41 缺失的第一个正数\41 缺失的第一个正数.vcxproj", "{69B4A15A-DC1F-49B1-A17F-71BE07A7EE45}"
EndProject
Project("{8BC9CEB8-8B4A-11D0-8D11-00A0C91BC942}") = "42 接雨水", "42 接雨水\42 接雨水.vcxproj", "{9E66C0AA-68E6-41B0-A3FF-23DAAC4EE172}"
EndProject
Project("{8BC9CEB8-8B4A-11D0-8D11-00A0C91BC942}") = "66 加一", "66 加一\66 加一.vcxproj", "{8E219842-DBDE-4C8D-9B42-A2BBCC78734B}"
EndProject
Project("{8BC9CEB8-8B4A-11D0-8D11-00A0C91BC942}") = "67 二进制求和", "67 二进制求和\67 二进制求和.vcxproj", "{E549D197-1E13-4D80-B4CB-EE17CF9BBB6A}"
EndProject
Project("{8BC9CEB8-8B4A-11D0-8D11-00A0C91BC942}") = "69 x的平方根", "69 x的平方根\69 x的平方根.vcxproj", "{6C9278DE-3EEB-4CA5-AF9C-336B43B35F9A}"
EndProject
Project("{8BC9CEB8-8B4A-11D0-8D11-00A0C91BC942}") = "83 删除排序链表中的重复元素", "83 删除排序链表中的重复元素\83 删除排序链表中的重复元素.vcxproj", "{B6D849AC-CEEC-461A-8DF7-C27F513D5E4D}"
EndProject
Project("{8BC9CEB8-8B4A-11D0-8D11-00A0C91BC942}") = "88 合并两个有序数组", "88 合并两个有序数组\88 合并两个有序数组.vcxproj", "{63076C2D-B37F-444F-87C2-DF455639A78F}"
EndProject
Project("{8BC9CEB8-8B4A-11D0-8D11-00A0C91BC942}") = "100 相同的树", "100 相同的树\100 相同的树.vcxproj", "{04B06A1B-1C72-453D-B3C5-87FB3E9718A1}"
EndProject
Project("{8BC9CEB8-8B4A-11D0-8D11-00A0C91BC942}") = "70 爬楼梯", "70 爬楼梯\70 爬楼梯.vcxproj", "{4CF9AA4E-F3A2-4093-8753-93D1FA038273}"
EndProject
Project("{8BC9CEB8-8B4A-11D0-8D11-00A0C91BC942}") = "43 字符串相乘", "43 字符串相乘\43 字符串相乘.vcxproj", "{7A6272BC-B05C-4CC3-BE37-77190021FBD9}"
EndProject
Project("{8BC9CEB8-8B4A-11D0-8D11-00A0C91BC942}") = "46 全排列", "46 全排列\46 全排列.vcxproj", "{5AA6EFF2-7E73-4C40-9069-44FA08B921ED}"
EndProject
Project("{8BC9CEB8-8B4A-11D0-8D11-00A0C91BC942}") = "101 对称二叉树", "101 对称二叉树\101 对称二叉树.vcxproj", "{854BA328-691D-4F79-ADCC-89D2CDE4CFB9}"
EndProject
Project("{8BC9CEB8-8B4A-11D0-8D11-00A0C91BC942}") = "104 二叉树的最大深度", "104 二叉树的最大深度\104 二叉树的最大深度.vcxproj", "{447A7040-5BCD-4A98-8257-500BB4BBAC8E}"
EndProject
Project("{8BC9CEB8-8B4A-11D0-8D11-00A0C91BC942}") = "107 二叉树的层次遍历Ⅱ", "107 二叉树的层次遍历Ⅱ\107 二叉树的层次遍历Ⅱ.vcxproj", "{BA1E4986-F225-4740-A98E-D6427CC204FD}"
EndProject
Project("{8BC9CEB8-8B4A-11D0-8D11-00A0C91BC942}") = "61 旋转链表", "61 旋转链表\61 旋转链表.vcxproj", "{EF31CE3F-7985-4F5D-B39F-9B6182B6EEAC}"
EndProject
Project("{8BC9CEB8-8B4A-11D0-8D11-00A0C91BC942}") = "54 螺旋矩阵", "54 螺旋矩阵\54 螺旋矩阵.vcxproj", "{E47CEF01-384C-4935-AAF1-43FF6303D223}"
EndProject
Project("{8BC9CEB8-8B4A-11D0-8D11-00A0C91BC942}") = "82 删除排序链表中的重复元素Ⅱ", "82 删除排序链表中的重复元素Ⅱ\82 删除排序链表中的重复元素Ⅱ.vcxproj", "{B4E5EAB3-942C-41CD-9BF2-47CC1D602A27}"
EndProject
Project("{8BC9CEB8-8B4A-11D0-8D11-00A0C91BC942}") = "86 分隔链表", "86 分隔链表\86 分隔链表.vcxproj", "{F4661FD4-1A94-4570-AEB5-3250EE8BF046}"
EndProject
Project("{8BC9CEB8-8B4A-11D0-8D11-00A0C91BC942}") = "92 反转链表Ⅱ", "92 反转链表Ⅱ\92 反转链表Ⅱ.vcxproj", "{21A63ADF-50F6-4937-8E8C-6139AD0D461C}"
EndProject
Project("{8BC9CEB8-8B4A-11D0-8D11-00A0C91BC942}") = "141 环形链表", "141 环形链表\141 环形链表.vcxproj", "{0BCFCDD8-9B87-4076-A0EB-85964B4C6F69}"
EndProject
Project("{8BC9CEB8-8B4A-11D0-8D11-00A0C91BC942}") = "142 环形链表Ⅱ", "142 环形链表Ⅱ\142 环形链表Ⅱ.vcxproj", "{8DF60AAF-F385-4ECF-8D16-87D21B15CB13}"
EndProject
Project("{8BC9CEB8-8B4A-11D0-8D11-00A0C91BC942}") = "143 重排链表", "143 重排链表\143 重排链表.vcxproj", "{3AD4AF68-EB55-4E70-922F-AFBB88A6CB08}"
EndProject
Project("{8BC9CEB8-8B4A-11D0-8D11-00A0C91BC942}") = "147 对链表进行插入排序", "147 对链表进行插入排序\147 对链表进行插入排序.vcxproj", "{0B1B360C-32C5-4A88-ADCF-65D2DF34A8BA}"
EndProject
Project("{8BC9CEB8-8B4A-11D0-8D11-00A0C91BC942}") = "148 排序链表", "148 排序链表\148 排序链表.vcxproj", "{8BE2093E-1623-45CF-BE57-32C20BD3B6DD}"
EndProject
Project("{8BC9CEB8-8B4A-11D0-8D11-00A0C91BC942}") = "160 相交链表", "160 相交链表\160 相交链表.vcxproj", "{A7583B32-AF8D-41C2-951C-98BA8BAAE118}"
EndProject
Project("{8BC9CEB8-8B4A-11D0-8D11-00A0C91BC942}") = "203 移除链表元素", "203 移除链表元素\203 移除链表元素.vcxproj", "{8EE5E371-A527-4C17-BD57-C6FA8B6C1E6C}"
EndProject
Project("{8BC9CEB8-8B4A-11D0-8D11-00A0C91BC942}") = "206 反转链表", "206 反转链表\206 反转链表.vcxproj", "{5F35466E-EC54-4F85-AFD4-413009CD28C9}"
EndProject
Project("{8BC9CEB8-8B4A-11D0-8D11-00A0C91BC942}") = "118 杨辉三角", "118 杨辉三角\118 杨辉三角.vcxproj", "{9F7A249A-EA09-4A4F-9068-5597EE822473}"
EndProject
Project("{8BC9CEB8-8B4A-11D0-8D11-00A0C91BC942}") = "121 买卖股票的最佳时机", "121 买卖股票的最佳时机\121 买卖股票的最佳时机.vcxproj", "{B873DB68-DAD4-4F1C-BFB7-D0A50A92B516}"
EndProject
Project("{8BC9CEB8-8B4A-11D0-8D11-00A0C91BC942}") = "125 验证回文串", "125 验证回文串\125 验证回文串.vcxproj", "{4B0E02DB-153E-49A7-976D-192A2FB69DBD}"
EndProject
Project("{8BC9CEB8-8B4A-11D0-8D11-00A0C91BC942}") = "136 只出现一次的数字", "136 只出现一次的数字\136 只出现一次的数字.vcxproj", "{240A7DF2-FA30-4151-8118-DF5A99BE4EB9}"
EndProject
Project("{8BC9CEB8-8B4A-11D0-8D11-00A0C91BC942}") = "155 最小栈", "155 最小栈\155 最小栈.vcxproj", "{54E53B03-B473-42B9-970E-383C624619A7}"
EndProject
Project("{8BC9CEB8-8B4A-11D0-8D11-00A0C91BC942}") = "167 两数之和 II - 输入有序数组", "167 两数之和 II - 输入有序数组\167 两数之和 II - 输入有序数组.vcxproj", "{F057A0E4-CEF4-41C4-8016-BE19171AC6EE}"
EndProject
Project("{8BC9CEB8-8B4A-11D0-8D11-00A0C91BC942}") = "168 Excel表列名称", "168 Excel表列名称\168 Excel表列名称.vcxproj", "{9610C6CE-ED0A-4AA1-9EC7-81162375472D}"
EndProject
Project("{8BC9CEB8-8B4A-11D0-8D11-00A0C91BC942}") = "169 求众数", "169 求众数\169 求众数.vcxproj", "{60011ED3-0DD8-4948-A181-BECC2413CF55}"
EndProject
Project("{8BC9CEB8-8B4A-11D0-8D11-00A0C91BC942}") = "171 Excel表列序号", "171 Excel表列序号\171 Excel表列序号.vcxproj", "{75E1F612-B5BA-441A-9CA2-E5DC042325C5}"
EndProject
Project("{8BC9CEB8-8B4A-11D0-8D11-00A0C91BC942}") = "234 回文链表", "234 回文链表\234 回文链表.vcxproj", "{C422DAF2-12A2-4847-8348-D65438219A97}"
EndProject
Project("{8BC9CEB8-8B4A-11D0-8D11-00A0C91BC942}") = "237 删除链表中的节点", "237 删除链表中的节点\237 删除链表中的节点.vcxproj", "{2478E4AA-E8F5-410F-BEA6-5E9F8BB55422}"
EndProject
Project("{8BC9CEB8-8B4A-11D0-8D11-00A0C91BC942}") = "328 奇偶链表", "328 奇偶链表\328 奇偶链表.vcxproj", "{16CA8E90-27C0-41B3-A62F-E6DA6976979D}"
EndProject
Project("{8BC9CEB8-8B4A-11D0-8D11-00A0C91BC942}") = "445 两数相加 II", "445 两数相加 II\445 两数相加 II.vcxproj", "{D775987D-8992-4E64-86A1-DBC977D63413}"
EndProject
Project("{8BC9CEB8-8B4A-11D0-8D11-00A0C91BC942}") = "172 阶乘后的零", "172 阶乘后的零\172 阶乘后的零.vcxproj", "{0D608F0A-08F9-468F-BB1C-9275A2EAA3F9}"
EndProject
Project("{8BC9CEB8-8B4A-11D0-8D11-00A0C91BC942}") = "73 矩阵置零", "73 矩阵置零\73 矩阵置零.vcxproj", "{F3BC6BBC-177F-468E-9981-7E08E8AF6A5B}"
EndProject
Project("{8BC9CEB8-8B4A-11D0-8D11-00A0C91BC942}") = "55 跳跃游戏", "55 跳跃游戏\55 跳跃游戏.vcxproj", "{52BEEA0C-767D-4249-90DD-BF7DAC51FB09}"
EndProject
Project("{8BC9CEB8-8B4A-11D0-8D11-00A0C91BC942}") = "56 合并区间", "56 合并区间\56 合并区间.vcxproj", "{EEE4456D-58DA-4F30-A2EA-888B8C1EAFE5}"
EndProject
Project("{8BC9CEB8-8B4A-11D0-8D11-00A0C91BC942}") = "59 螺旋矩阵Ⅱ", "59 螺旋矩阵Ⅱ\59 螺旋矩阵Ⅱ.vcxproj", "{EC027A5E-7909-41FC-9B77-B968B78B7197}"
EndProject
Project("{8BC9CEB8-8B4A-11D0-8D11-00A0C91BC942}") = "74 搜索二维矩阵", "74 搜索二维矩阵\74 搜索二维矩阵.vcxproj", "{4D0C7FDF-E393-4E21-8730-1CE6AAC07D21}"
EndProject
Project("{8BC9CEB8-8B4A-11D0-8D11-00A0C91BC942}") = "75 颜色分类", "75 颜色分类\75 颜色分类.vcxproj", "{F65B7071-6F33-4FF3-A83D-0663B1F8AB0D}"
EndProject
Project("{8BC9CEB8-8B4A-11D0-8D11-00A0C91BC942}") = "78 子集", "78 子集\78 子集.vcxproj", "{0B0514A4-0D95-42DC-A9D8-7C56E08F0E71}"
EndProject
Project("{8BC9CEB8-8B4A-11D0-8D11-00A0C91BC942}") = "80 删除排序数组中的重复项 II", "80 删除排序数组中的重复项 II\80 删除排序数组中的重复项 II.vcxproj", "{4B755EA7-F2E5-48F3-A55A-C45FFB634EAF}"
EndProject
Project("{8BC9CEB8-8B4A-11D0-8D11-00A0C91BC942}") = "153 寻找旋转排序数组中的最小值", "153 寻找旋转排序数组中的最小值\153 寻找旋转排序数组中的最小值.vcxproj", "{8999B35B-C6D0-4E71-B219-0C151C61B01F}"
EndProject
Project("{8BC9CEB8-8B4A-11D0-8D11-00A0C91BC942}") = "162 寻找峰值", "162 寻找峰值\162 寻找峰值.vcxproj", "{6EAD9765-834D-4286-BD36-225420E948E8}"
EndProject
Project("{8BC9CEB8-8B4A-11D0-8D11-00A0C91BC942}") = "189 旋转数组", "189 旋转数组\189 旋转数组.vcxproj", "{23B38F17-2B4A-4C03-A7AD-4F6B56F45AF4}"
EndProject
Project("{8BC9CEB8-8B4A-11D0-8D11-00A0C91BC942}") = "209 长度最小的子数组", "209 长度最小的子数组\209 长度最小的子数组.vcxproj", "{A74F8BB1-E6BA-44D1-AECF-F7D82D2F22B4}"
EndProject
Project("{8BC9CEB8-8B4A-11D0-8D11-00A0C91BC942}") = "217 存在重复元素", "217 存在重复元素\217 存在重复元素.vcxproj", "{97EFC3F5-75D8-4FE2-BECD-F4709175D593}"
EndProject
Project("{8BC9CEB8-8B4A-11D0-8D11-00A0C91BC942}") = "219 存在重复元素 II", "219 存在重复元素 II\219 存在重复元素 II.vcxproj", "{2471780A-577E-491F-AB1E-6652BE64A94B}"
EndProject
Project("{8BC9CEB8-8B4A-11D0-8D11-00A0C91BC942}") = "228 汇总区间", "228 汇总区间\228 汇总区间.vcxproj", "{0DFDABE0-28B5-4A48-9693-CF722D344D19}"
EndProject
Project("{8BC9CEB8-8B4A-11D0-8D11-00A0C91BC942}") = "229 求众数 II", "229 求众数 II\229 求众数 II.vcxproj", "{D9BD6A85-EAE7-43BE-A998-8E524FBBB94E}"
EndProject
Project("{8BC9CEB8-8B4A-11D0-8D11-00A0C91BC942}") = "238 除自身以外数组的乘积", "238 除自身以外数组的乘积\238 除自身以外数组的乘积.vcxproj", "{F4FEB188-0E63-4121-A7D5-E5D528C937D7}"
EndProject
Project("{8BC9CEB8-8B4A-11D0-8D11-00A0C91BC942}") = "268 缺失数字", "268 缺失数字\268 缺失数字.vcxproj", "{1896DF22-36B5-4F09-9B80-B9A95E99CD00}"
EndProject
Project("{8BC9CEB8-8B4A-11D0-8D11-00A0C91BC942}") = "283 移动零", "283 移动零\283 移动零.vcxproj", "{F7A5D14C-5404-4C2B-BA3A-04D28690C29D}"
EndProject
Project("{8BC9CEB8-8B4A-11D0-8D11-00A0C91BC942}") = "287 寻找重复数", "287 寻找重复数\287 寻找重复数.vcxproj", "{B8719D89-50AC-4BE6-8650-C9ED3910B679}"
EndProject
Project("{8BC9CEB8-8B4A-11D0-8D11-00A0C91BC942}") = "49 字母异位词分组", "49 字母异位词分组\49 字母异位词分组.vcxproj", "{517801C1-549A-430D-AD1B-1471268FDAE3}"
EndProject
Project("{8BC9CEB8-8B4A-11D0-8D11-00A0C91BC942}") = "151 翻转字符串里的单词", "151 翻转字符串里的单词\151 翻转字符串里的单词.vcxproj", "{ADDB023C-748A-49DC-8105-56A93EEB23C9}"
EndProject
Project("{8BC9CEB8-8B4A-11D0-8D11-00A0C91BC942}") = "165 比较版本号", "165 比较版本号\165 比较版本号.vcxproj", "{1319013E-9DEC-4CFA-AF07-066252142720}"
EndProject
Project("{8BC9CEB8-8B4A-11D0-8D11-00A0C91BC942}") = "227 基本计算器 II", "227 基本计算器 II\227 基本计算器 II.vcxproj", "{C10029ED-0F79-4A8F-9D71-A55BB987828E}"
EndProject
Project("{8BC9CEB8-8B4A-11D0-8D11-00A0C91BC942}") = "344 反转字符串", "344 反转字符串\344 反转字符串.vcxproj", "{41E7C243-EE86-4A0E-A485-23B8F0D2B4AB}"
EndProject
Project("{8BC9CEB8-8B4A-11D0-8D11-00A0C91BC942}") = "345 反转字符串中的元音字母", "345 反转字符串中的元音字母\345 反转字符串中的元音字母.vcxproj", "{4C912BCC-43E4-4728-A29A-9BBF1565EB95}"
EndProject
Project("{8BC9CEB8-8B4A-11D0-8D11-00A0C91BC942}") = "387 字符串中的第一个唯一字符", "387 字符串中的第一个唯一字符\387 字符串中的第一个唯一字符.vcxproj", "{69BC7668-4610-4BF6-BC44-EAFE7FA58251}"
EndProject
Project("{8BC9CEB8-8B4A-11D0-8D11-00A0C91BC942}") = "415 字符串相加", "415 字符串相加\415 字符串相加.vcxproj", "{29694A24-A298-4926-BA6D-C21DCA5CE2B1}"
EndProject
Project("{8BC9CEB8-8B4A-11D0-8D11-00A0C91BC942}") = "434 字符串中的单词数", "434 字符串中的单词数\434 字符串中的单词数.vcxproj", "{0C3F5ED5-69B0-494C-B989-A53E97FF8E21}"
EndProject
Project("{8BC9CEB8-8B4A-11D0-8D11-00A0C91BC942}") = "443 压缩字符串", "443 压缩字符串\443 压缩字符串.vcxproj", "{68D75A52-23FD-4FEB-A3BA-CC38B5213D3B}"
EndProject
Project("{8BC9CEB8-8B4A-11D0-8D11-00A0C91BC942}") = "459 重复的子字符串", "459 重复的子字符串\459 重复的子字符串.vcxproj", "{DDF9C8AF-7136-4247-9A3C-A2B4B7A6C1DF}"
EndProject
Project("{8BC9CEB8-8B4A-11D0-8D11-00A0C91BC942}") = "520 检测大写字母", "520 检测大写字母\520 检测大写字母.vcxproj", "{9647E56F-8419-4A17-8152-BC005EDFE58F}"
EndProject
Project("{8BC9CEB8-8B4A-11D0-8D11-00A0C91BC942}") = "242 有效的字母异位词", "242 有效的字母异位词\242 有效的字母异位词.vcxproj", "{28709CF0-971A-4E2D-A363-1185DD8FBC23}"
EndProject
Project("{8BC9CEB8-8B4A-11D0-8D11-00A0C91BC942}") = "258 各位相加", "258 各位相加\258 各位相加.vcxproj", "{C34D8679-93E6-4AE4-9027-CA1754ACBB31}"
EndProject
Project("{8BC9CEB8-8B4A-11D0-8D11-00A0C91BC942}") = "263 丑数", "263 丑数\263 丑数.vcxproj", "{27CD7E80-3EE4-4CDF-ABF1-44889FB73AD5}"
EndProject
Project("{8BC9CEB8-8B4A-11D0-8D11-00A0C91BC942}") = "290 单词规律", "290 单词规律\290 单词规律.vcxproj", "{3A515049-30EA-4593-8986-8AB653803298}"
EndProject
Project("{8BC9CEB8-8B4A-11D0-8D11-00A0C91BC942}") = "292 Nim 游戏", "292 Nim 游戏\292 Nim 游戏.vcxproj", "{2116CC51-3A04-4B67-81A2-760881C8C76D}"
EndProject
Project("{8BC9CEB8-8B4A-11D0-8D11-00A0C91BC942}") = "303 区域和检索 - 数组不可变", "303 区域和检索 - 数组不可变\303 区域和检索 - 数组不可变.vcxproj", "{019F625A-8D8C-43D5-81E3-D18623C39F86}"
EndProject
Project("{8BC9CEB8-8B4A-11D0-8D11-00A0C91BC942}") = "326 3的幂", "326 3的幂\326 3的幂.vcxproj", "{264FA9A7-1518-4C0B-B888-687853F2CC03}"
EndProject
Project("{8BC9CEB8-8B4A-11D0-8D11-00A0C91BC942}") = "349 两个数组的交集", "349 两个数组的交集\349 两个数组的交集.vcxproj", "{86BFB9FF-27DE-4AFC-8175-6B654B271083}"
EndProject
Project("{8BC9CEB8-8B4A-11D0-8D11-00A0C91BC942}") = "350 两个数组的交集 II", "350 两个数组的交集 II\350 两个数组的交集 II.vcxproj", "{71809EEB-A014-4C4F-BB51-0CB01E1CFDD6}"
EndProject
Project("{8BC9CEB8-8B4A-11D0-8D11-00A0C91BC942}") = "367 有效的完全平方数", "367 有效的完全平方数\367 有效的完全平方数.vcxproj", "{BE62FA6C-A691-4B30-9733-2902A46B53FC}"
EndProject
Global
	GlobalSection(SolutionConfigurationPlatforms) = preSolution
		Debug|x64 = Debug|x64
		Debug|x86 = Debug|x86
		Release|x64 = Release|x64
		Release|x86 = Release|x86
	EndGlobalSection
	GlobalSection(ProjectConfigurationPlatforms) = postSolution
		{EBEAD00D-2F52-4130-8B44-CCBF48671A78}.Debug|x64.ActiveCfg = Debug|x64
		{EBEAD00D-2F52-4130-8B44-CCBF48671A78}.Debug|x64.Build.0 = Debug|x64
		{EBEAD00D-2F52-4130-8B44-CCBF48671A78}.Debug|x86.ActiveCfg = Debug|Win32
		{EBEAD00D-2F52-4130-8B44-CCBF48671A78}.Debug|x86.Build.0 = Debug|Win32
		{EBEAD00D-2F52-4130-8B44-CCBF48671A78}.Release|x64.ActiveCfg = Release|x64
		{EBEAD00D-2F52-4130-8B44-CCBF48671A78}.Release|x64.Build.0 = Release|x64
		{EBEAD00D-2F52-4130-8B44-CCBF48671A78}.Release|x86.ActiveCfg = Release|Win32
		{EBEAD00D-2F52-4130-8B44-CCBF48671A78}.Release|x86.Build.0 = Release|Win32
		{9316C017-7060-4DB9-A9C3-E81A35E4D6DC}.Debug|x64.ActiveCfg = Debug|x64
		{9316C017-7060-4DB9-A9C3-E81A35E4D6DC}.Debug|x64.Build.0 = Debug|x64
		{9316C017-7060-4DB9-A9C3-E81A35E4D6DC}.Debug|x86.ActiveCfg = Debug|Win32
		{9316C017-7060-4DB9-A9C3-E81A35E4D6DC}.Debug|x86.Build.0 = Debug|Win32
		{9316C017-7060-4DB9-A9C3-E81A35E4D6DC}.Release|x64.ActiveCfg = Release|x64
		{9316C017-7060-4DB9-A9C3-E81A35E4D6DC}.Release|x64.Build.0 = Release|x64
		{9316C017-7060-4DB9-A9C3-E81A35E4D6DC}.Release|x86.ActiveCfg = Release|Win32
		{9316C017-7060-4DB9-A9C3-E81A35E4D6DC}.Release|x86.Build.0 = Release|Win32
		{5625C30E-C24E-4F87-BBF5-104A5FB8E65E}.Debug|x64.ActiveCfg = Debug|x64
		{5625C30E-C24E-4F87-BBF5-104A5FB8E65E}.Debug|x64.Build.0 = Debug|x64
		{5625C30E-C24E-4F87-BBF5-104A5FB8E65E}.Debug|x86.ActiveCfg = Debug|Win32
		{5625C30E-C24E-4F87-BBF5-104A5FB8E65E}.Debug|x86.Build.0 = Debug|Win32
		{5625C30E-C24E-4F87-BBF5-104A5FB8E65E}.Release|x64.ActiveCfg = Release|x64
		{5625C30E-C24E-4F87-BBF5-104A5FB8E65E}.Release|x64.Build.0 = Release|x64
		{5625C30E-C24E-4F87-BBF5-104A5FB8E65E}.Release|x86.ActiveCfg = Release|Win32
		{5625C30E-C24E-4F87-BBF5-104A5FB8E65E}.Release|x86.Build.0 = Release|Win32
		{365D4C68-12FD-45DF-B555-E1333A70D910}.Debug|x64.ActiveCfg = Debug|x64
		{365D4C68-12FD-45DF-B555-E1333A70D910}.Debug|x64.Build.0 = Debug|x64
		{365D4C68-12FD-45DF-B555-E1333A70D910}.Debug|x86.ActiveCfg = Debug|Win32
		{365D4C68-12FD-45DF-B555-E1333A70D910}.Debug|x86.Build.0 = Debug|Win32
		{365D4C68-12FD-45DF-B555-E1333A70D910}.Release|x64.ActiveCfg = Release|x64
		{365D4C68-12FD-45DF-B555-E1333A70D910}.Release|x64.Build.0 = Release|x64
		{365D4C68-12FD-45DF-B555-E1333A70D910}.Release|x86.ActiveCfg = Release|Win32
		{365D4C68-12FD-45DF-B555-E1333A70D910}.Release|x86.Build.0 = Release|Win32
		{C945DF61-93DB-4F9B-831F-BBCD8C1D2687}.Debug|x64.ActiveCfg = Debug|x64
		{C945DF61-93DB-4F9B-831F-BBCD8C1D2687}.Debug|x64.Build.0 = Debug|x64
		{C945DF61-93DB-4F9B-831F-BBCD8C1D2687}.Debug|x86.ActiveCfg = Debug|Win32
		{C945DF61-93DB-4F9B-831F-BBCD8C1D2687}.Debug|x86.Build.0 = Debug|Win32
		{C945DF61-93DB-4F9B-831F-BBCD8C1D2687}.Release|x64.ActiveCfg = Release|x64
		{C945DF61-93DB-4F9B-831F-BBCD8C1D2687}.Release|x64.Build.0 = Release|x64
		{C945DF61-93DB-4F9B-831F-BBCD8C1D2687}.Release|x86.ActiveCfg = Release|Win32
		{C945DF61-93DB-4F9B-831F-BBCD8C1D2687}.Release|x86.Build.0 = Release|Win32
		{61D52688-13E0-4DD8-91B6-923EC5DA6CDF}.Debug|x64.ActiveCfg = Debug|x64
		{61D52688-13E0-4DD8-91B6-923EC5DA6CDF}.Debug|x64.Build.0 = Debug|x64
		{61D52688-13E0-4DD8-91B6-923EC5DA6CDF}.Debug|x86.ActiveCfg = Debug|Win32
		{61D52688-13E0-4DD8-91B6-923EC5DA6CDF}.Debug|x86.Build.0 = Debug|Win32
		{61D52688-13E0-4DD8-91B6-923EC5DA6CDF}.Release|x64.ActiveCfg = Release|x64
		{61D52688-13E0-4DD8-91B6-923EC5DA6CDF}.Release|x64.Build.0 = Release|x64
		{61D52688-13E0-4DD8-91B6-923EC5DA6CDF}.Release|x86.ActiveCfg = Release|Win32
		{61D52688-13E0-4DD8-91B6-923EC5DA6CDF}.Release|x86.Build.0 = Release|Win32
		{DCF261DF-2AC0-40EF-BFA5-B46ABF89D81C}.Debug|x64.ActiveCfg = Debug|x64
		{DCF261DF-2AC0-40EF-BFA5-B46ABF89D81C}.Debug|x64.Build.0 = Debug|x64
		{DCF261DF-2AC0-40EF-BFA5-B46ABF89D81C}.Debug|x86.ActiveCfg = Debug|Win32
		{DCF261DF-2AC0-40EF-BFA5-B46ABF89D81C}.Debug|x86.Build.0 = Debug|Win32
		{DCF261DF-2AC0-40EF-BFA5-B46ABF89D81C}.Release|x64.ActiveCfg = Release|x64
		{DCF261DF-2AC0-40EF-BFA5-B46ABF89D81C}.Release|x64.Build.0 = Release|x64
		{DCF261DF-2AC0-40EF-BFA5-B46ABF89D81C}.Release|x86.ActiveCfg = Release|Win32
		{DCF261DF-2AC0-40EF-BFA5-B46ABF89D81C}.Release|x86.Build.0 = Release|Win32
		{BB50DCD6-D0B6-4233-85AA-7ACE81D97ED7}.Debug|x64.ActiveCfg = Debug|x64
		{BB50DCD6-D0B6-4233-85AA-7ACE81D97ED7}.Debug|x64.Build.0 = Debug|x64
		{BB50DCD6-D0B6-4233-85AA-7ACE81D97ED7}.Debug|x86.ActiveCfg = Debug|Win32
		{BB50DCD6-D0B6-4233-85AA-7ACE81D97ED7}.Debug|x86.Build.0 = Debug|Win32
		{BB50DCD6-D0B6-4233-85AA-7ACE81D97ED7}.Release|x64.ActiveCfg = Release|x64
		{BB50DCD6-D0B6-4233-85AA-7ACE81D97ED7}.Release|x64.Build.0 = Release|x64
		{BB50DCD6-D0B6-4233-85AA-7ACE81D97ED7}.Release|x86.ActiveCfg = Release|Win32
		{BB50DCD6-D0B6-4233-85AA-7ACE81D97ED7}.Release|x86.Build.0 = Release|Win32
		{C2CFF932-635A-4631-A252-0AECA73694D9}.Debug|x64.ActiveCfg = Debug|x64
		{C2CFF932-635A-4631-A252-0AECA73694D9}.Debug|x64.Build.0 = Debug|x64
		{C2CFF932-635A-4631-A252-0AECA73694D9}.Debug|x86.ActiveCfg = Debug|Win32
		{C2CFF932-635A-4631-A252-0AECA73694D9}.Debug|x86.Build.0 = Debug|Win32
		{C2CFF932-635A-4631-A252-0AECA73694D9}.Release|x64.ActiveCfg = Release|x64
		{C2CFF932-635A-4631-A252-0AECA73694D9}.Release|x64.Build.0 = Release|x64
		{C2CFF932-635A-4631-A252-0AECA73694D9}.Release|x86.ActiveCfg = Release|Win32
		{C2CFF932-635A-4631-A252-0AECA73694D9}.Release|x86.Build.0 = Release|Win32
		{69A4ED0D-0F6A-4CDC-A69A-CF9CBBA2D29E}.Debug|x64.ActiveCfg = Debug|x64
		{69A4ED0D-0F6A-4CDC-A69A-CF9CBBA2D29E}.Debug|x64.Build.0 = Debug|x64
		{69A4ED0D-0F6A-4CDC-A69A-CF9CBBA2D29E}.Debug|x86.ActiveCfg = Debug|Win32
		{69A4ED0D-0F6A-4CDC-A69A-CF9CBBA2D29E}.Debug|x86.Build.0 = Debug|Win32
		{69A4ED0D-0F6A-4CDC-A69A-CF9CBBA2D29E}.Release|x64.ActiveCfg = Release|x64
		{69A4ED0D-0F6A-4CDC-A69A-CF9CBBA2D29E}.Release|x64.Build.0 = Release|x64
		{69A4ED0D-0F6A-4CDC-A69A-CF9CBBA2D29E}.Release|x86.ActiveCfg = Release|Win32
		{69A4ED0D-0F6A-4CDC-A69A-CF9CBBA2D29E}.Release|x86.Build.0 = Release|Win32
		{FF63B527-A8F4-4AFE-BEE9-3AD73C69EE51}.Debug|x64.ActiveCfg = Debug|x64
		{FF63B527-A8F4-4AFE-BEE9-3AD73C69EE51}.Debug|x64.Build.0 = Debug|x64
		{FF63B527-A8F4-4AFE-BEE9-3AD73C69EE51}.Debug|x86.ActiveCfg = Debug|Win32
		{FF63B527-A8F4-4AFE-BEE9-3AD73C69EE51}.Debug|x86.Build.0 = Debug|Win32
		{FF63B527-A8F4-4AFE-BEE9-3AD73C69EE51}.Release|x64.ActiveCfg = Release|x64
		{FF63B527-A8F4-4AFE-BEE9-3AD73C69EE51}.Release|x64.Build.0 = Release|x64
		{FF63B527-A8F4-4AFE-BEE9-3AD73C69EE51}.Release|x86.ActiveCfg = Release|Win32
		{FF63B527-A8F4-4AFE-BEE9-3AD73C69EE51}.Release|x86.Build.0 = Release|Win32
		{5F163469-C298-4D81-A859-32D66E554D1B}.Debug|x64.ActiveCfg = Debug|x64
		{5F163469-C298-4D81-A859-32D66E554D1B}.Debug|x64.Build.0 = Debug|x64
		{5F163469-C298-4D81-A859-32D66E554D1B}.Debug|x86.ActiveCfg = Debug|Win32
		{5F163469-C298-4D81-A859-32D66E554D1B}.Debug|x86.Build.0 = Debug|Win32
		{5F163469-C298-4D81-A859-32D66E554D1B}.Release|x64.ActiveCfg = Release|x64
		{5F163469-C298-4D81-A859-32D66E554D1B}.Release|x64.Build.0 = Release|x64
		{5F163469-C298-4D81-A859-32D66E554D1B}.Release|x86.ActiveCfg = Release|Win32
		{5F163469-C298-4D81-A859-32D66E554D1B}.Release|x86.Build.0 = Release|Win32
		{7363463A-425B-46FF-91C9-675C65ABD990}.Debug|x64.ActiveCfg = Debug|x64
		{7363463A-425B-46FF-91C9-675C65ABD990}.Debug|x64.Build.0 = Debug|x64
		{7363463A-425B-46FF-91C9-675C65ABD990}.Debug|x86.ActiveCfg = Debug|Win32
		{7363463A-425B-46FF-91C9-675C65ABD990}.Debug|x86.Build.0 = Debug|Win32
		{7363463A-425B-46FF-91C9-675C65ABD990}.Release|x64.ActiveCfg = Release|x64
		{7363463A-425B-46FF-91C9-675C65ABD990}.Release|x64.Build.0 = Release|x64
		{7363463A-425B-46FF-91C9-675C65ABD990}.Release|x86.ActiveCfg = Release|Win32
		{7363463A-425B-46FF-91C9-675C65ABD990}.Release|x86.Build.0 = Release|Win32
		{82435E40-8DE4-41C6-ACC9-A9F57B69C8E5}.Debug|x64.ActiveCfg = Debug|x64
		{82435E40-8DE4-41C6-ACC9-A9F57B69C8E5}.Debug|x64.Build.0 = Debug|x64
		{82435E40-8DE4-41C6-ACC9-A9F57B69C8E5}.Debug|x86.ActiveCfg = Debug|Win32
		{82435E40-8DE4-41C6-ACC9-A9F57B69C8E5}.Debug|x86.Build.0 = Debug|Win32
		{82435E40-8DE4-41C6-ACC9-A9F57B69C8E5}.Release|x64.ActiveCfg = Release|x64
		{82435E40-8DE4-41C6-ACC9-A9F57B69C8E5}.Release|x64.Build.0 = Release|x64
		{82435E40-8DE4-41C6-ACC9-A9F57B69C8E5}.Release|x86.ActiveCfg = Release|Win32
		{82435E40-8DE4-41C6-ACC9-A9F57B69C8E5}.Release|x86.Build.0 = Release|Win32
		{61787869-7BB4-41A2-9DE8-27172447D25B}.Debug|x64.ActiveCfg = Debug|x64
		{61787869-7BB4-41A2-9DE8-27172447D25B}.Debug|x64.Build.0 = Debug|x64
		{61787869-7BB4-41A2-9DE8-27172447D25B}.Debug|x86.ActiveCfg = Debug|Win32
		{61787869-7BB4-41A2-9DE8-27172447D25B}.Debug|x86.Build.0 = Debug|Win32
		{61787869-7BB4-41A2-9DE8-27172447D25B}.Release|x64.ActiveCfg = Release|x64
		{61787869-7BB4-41A2-9DE8-27172447D25B}.Release|x64.Build.0 = Release|x64
		{61787869-7BB4-41A2-9DE8-27172447D25B}.Release|x86.ActiveCfg = Release|Win32
		{61787869-7BB4-41A2-9DE8-27172447D25B}.Release|x86.Build.0 = Release|Win32
		{E923B361-600E-4EAF-B82F-4F72C3E7C8DC}.Debug|x64.ActiveCfg = Debug|x64
		{E923B361-600E-4EAF-B82F-4F72C3E7C8DC}.Debug|x64.Build.0 = Debug|x64
		{E923B361-600E-4EAF-B82F-4F72C3E7C8DC}.Debug|x86.ActiveCfg = Debug|Win32
		{E923B361-600E-4EAF-B82F-4F72C3E7C8DC}.Debug|x86.Build.0 = Debug|Win32
		{E923B361-600E-4EAF-B82F-4F72C3E7C8DC}.Release|x64.ActiveCfg = Release|x64
		{E923B361-600E-4EAF-B82F-4F72C3E7C8DC}.Release|x64.Build.0 = Release|x64
		{E923B361-600E-4EAF-B82F-4F72C3E7C8DC}.Release|x86.ActiveCfg = Release|Win32
		{E923B361-600E-4EAF-B82F-4F72C3E7C8DC}.Release|x86.Build.0 = Release|Win32
		{6E68503A-B703-4594-AD3B-226600354E01}.Debug|x64.ActiveCfg = Debug|x64
		{6E68503A-B703-4594-AD3B-226600354E01}.Debug|x64.Build.0 = Debug|x64
		{6E68503A-B703-4594-AD3B-226600354E01}.Debug|x86.ActiveCfg = Debug|Win32
		{6E68503A-B703-4594-AD3B-226600354E01}.Debug|x86.Build.0 = Debug|Win32
		{6E68503A-B703-4594-AD3B-226600354E01}.Release|x64.ActiveCfg = Release|x64
		{6E68503A-B703-4594-AD3B-226600354E01}.Release|x64.Build.0 = Release|x64
		{6E68503A-B703-4594-AD3B-226600354E01}.Release|x86.ActiveCfg = Release|Win32
		{6E68503A-B703-4594-AD3B-226600354E01}.Release|x86.Build.0 = Release|Win32
		{B7EB7E14-146B-4908-B6BA-584525EABA83}.Debug|x64.ActiveCfg = Debug|x64
		{B7EB7E14-146B-4908-B6BA-584525EABA83}.Debug|x64.Build.0 = Debug|x64
		{B7EB7E14-146B-4908-B6BA-584525EABA83}.Debug|x86.ActiveCfg = Debug|Win32
		{B7EB7E14-146B-4908-B6BA-584525EABA83}.Debug|x86.Build.0 = Debug|Win32
		{B7EB7E14-146B-4908-B6BA-584525EABA83}.Release|x64.ActiveCfg = Release|x64
		{B7EB7E14-146B-4908-B6BA-584525EABA83}.Release|x64.Build.0 = Release|x64
		{B7EB7E14-146B-4908-B6BA-584525EABA83}.Release|x86.ActiveCfg = Release|Win32
		{B7EB7E14-146B-4908-B6BA-584525EABA83}.Release|x86.Build.0 = Release|Win32
		{55984E26-397D-417A-8014-544A4130D128}.Debug|x64.ActiveCfg = Debug|x64
		{55984E26-397D-417A-8014-544A4130D128}.Debug|x64.Build.0 = Debug|x64
		{55984E26-397D-417A-8014-544A4130D128}.Debug|x86.ActiveCfg = Debug|Win32
		{55984E26-397D-417A-8014-544A4130D128}.Debug|x86.Build.0 = Debug|Win32
		{55984E26-397D-417A-8014-544A4130D128}.Release|x64.ActiveCfg = Release|x64
		{55984E26-397D-417A-8014-544A4130D128}.Release|x64.Build.0 = Release|x64
		{55984E26-397D-417A-8014-544A4130D128}.Release|x86.ActiveCfg = Release|Win32
		{55984E26-397D-417A-8014-544A4130D128}.Release|x86.Build.0 = Release|Win32
		{D504E58E-6810-4A20-8A53-BE33ED7FE146}.Debug|x64.ActiveCfg = Debug|x64
		{D504E58E-6810-4A20-8A53-BE33ED7FE146}.Debug|x64.Build.0 = Debug|x64
		{D504E58E-6810-4A20-8A53-BE33ED7FE146}.Debug|x86.ActiveCfg = Debug|Win32
		{D504E58E-6810-4A20-8A53-BE33ED7FE146}.Debug|x86.Build.0 = Debug|Win32
		{D504E58E-6810-4A20-8A53-BE33ED7FE146}.Release|x64.ActiveCfg = Release|x64
		{D504E58E-6810-4A20-8A53-BE33ED7FE146}.Release|x64.Build.0 = Release|x64
		{D504E58E-6810-4A20-8A53-BE33ED7FE146}.Release|x86.ActiveCfg = Release|Win32
		{D504E58E-6810-4A20-8A53-BE33ED7FE146}.Release|x86.Build.0 = Release|Win32
		{420DD895-DD29-4AF6-84BB-636A5D283E87}.Debug|x64.ActiveCfg = Debug|x64
		{420DD895-DD29-4AF6-84BB-636A5D283E87}.Debug|x64.Build.0 = Debug|x64
		{420DD895-DD29-4AF6-84BB-636A5D283E87}.Debug|x86.ActiveCfg = Debug|Win32
		{420DD895-DD29-4AF6-84BB-636A5D283E87}.Debug|x86.Build.0 = Debug|Win32
		{420DD895-DD29-4AF6-84BB-636A5D283E87}.Release|x64.ActiveCfg = Release|x64
		{420DD895-DD29-4AF6-84BB-636A5D283E87}.Release|x64.Build.0 = Release|x64
		{420DD895-DD29-4AF6-84BB-636A5D283E87}.Release|x86.ActiveCfg = Release|Win32
		{420DD895-DD29-4AF6-84BB-636A5D283E87}.Release|x86.Build.0 = Release|Win32
		{8736CBCD-8BB3-452B-9B52-54302E2D3B3F}.Debug|x64.ActiveCfg = Debug|x64
		{8736CBCD-8BB3-452B-9B52-54302E2D3B3F}.Debug|x64.Build.0 = Debug|x64
		{8736CBCD-8BB3-452B-9B52-54302E2D3B3F}.Debug|x86.ActiveCfg = Debug|Win32
		{8736CBCD-8BB3-452B-9B52-54302E2D3B3F}.Debug|x86.Build.0 = Debug|Win32
		{8736CBCD-8BB3-452B-9B52-54302E2D3B3F}.Release|x64.ActiveCfg = Release|x64
		{8736CBCD-8BB3-452B-9B52-54302E2D3B3F}.Release|x64.Build.0 = Release|x64
		{8736CBCD-8BB3-452B-9B52-54302E2D3B3F}.Release|x86.ActiveCfg = Release|Win32
		{8736CBCD-8BB3-452B-9B52-54302E2D3B3F}.Release|x86.Build.0 = Release|Win32
		{D33CBBAB-7759-40E7-830A-6E8C8BC73B9E}.Debug|x64.ActiveCfg = Debug|x64
		{D33CBBAB-7759-40E7-830A-6E8C8BC73B9E}.Debug|x64.Build.0 = Debug|x64
		{D33CBBAB-7759-40E7-830A-6E8C8BC73B9E}.Debug|x86.ActiveCfg = Debug|Win32
		{D33CBBAB-7759-40E7-830A-6E8C8BC73B9E}.Debug|x86.Build.0 = Debug|Win32
		{D33CBBAB-7759-40E7-830A-6E8C8BC73B9E}.Release|x64.ActiveCfg = Release|x64
		{D33CBBAB-7759-40E7-830A-6E8C8BC73B9E}.Release|x64.Build.0 = Release|x64
		{D33CBBAB-7759-40E7-830A-6E8C8BC73B9E}.Release|x86.ActiveCfg = Release|Win32
		{D33CBBAB-7759-40E7-830A-6E8C8BC73B9E}.Release|x86.Build.0 = Release|Win32
		{41B4234E-4976-4595-A347-11613EF88287}.Debug|x64.ActiveCfg = Debug|x64
		{41B4234E-4976-4595-A347-11613EF88287}.Debug|x64.Build.0 = Debug|x64
		{41B4234E-4976-4595-A347-11613EF88287}.Debug|x86.ActiveCfg = Debug|Win32
		{41B4234E-4976-4595-A347-11613EF88287}.Debug|x86.Build.0 = Debug|Win32
		{41B4234E-4976-4595-A347-11613EF88287}.Release|x64.ActiveCfg = Release|x64
		{41B4234E-4976-4595-A347-11613EF88287}.Release|x64.Build.0 = Release|x64
		{41B4234E-4976-4595-A347-11613EF88287}.Release|x86.ActiveCfg = Release|Win32
		{41B4234E-4976-4595-A347-11613EF88287}.Release|x86.Build.0 = Release|Win32
		{8AA12C4F-E9E1-4E5D-B385-2EE667341066}.Debug|x64.ActiveCfg = Debug|x64
		{8AA12C4F-E9E1-4E5D-B385-2EE667341066}.Debug|x64.Build.0 = Debug|x64
		{8AA12C4F-E9E1-4E5D-B385-2EE667341066}.Debug|x86.ActiveCfg = Debug|Win32
		{8AA12C4F-E9E1-4E5D-B385-2EE667341066}.Debug|x86.Build.0 = Debug|Win32
		{8AA12C4F-E9E1-4E5D-B385-2EE667341066}.Release|x64.ActiveCfg = Release|x64
		{8AA12C4F-E9E1-4E5D-B385-2EE667341066}.Release|x64.Build.0 = Release|x64
		{8AA12C4F-E9E1-4E5D-B385-2EE667341066}.Release|x86.ActiveCfg = Release|Win32
		{8AA12C4F-E9E1-4E5D-B385-2EE667341066}.Release|x86.Build.0 = Release|Win32
		{118A74EB-83F8-4D32-A758-F5C917DA041C}.Debug|x64.ActiveCfg = Debug|x64
		{118A74EB-83F8-4D32-A758-F5C917DA041C}.Debug|x64.Build.0 = Debug|x64
		{118A74EB-83F8-4D32-A758-F5C917DA041C}.Debug|x86.ActiveCfg = Debug|Win32
		{118A74EB-83F8-4D32-A758-F5C917DA041C}.Debug|x86.Build.0 = Debug|Win32
		{118A74EB-83F8-4D32-A758-F5C917DA041C}.Release|x64.ActiveCfg = Release|x64
		{118A74EB-83F8-4D32-A758-F5C917DA041C}.Release|x64.Build.0 = Release|x64
		{118A74EB-83F8-4D32-A758-F5C917DA041C}.Release|x86.ActiveCfg = Release|Win32
		{118A74EB-83F8-4D32-A758-F5C917DA041C}.Release|x86.Build.0 = Release|Win32
		{6303C563-258E-473F-8D71-6CF10AC17A6E}.Debug|x64.ActiveCfg = Debug|x64
		{6303C563-258E-473F-8D71-6CF10AC17A6E}.Debug|x64.Build.0 = Debug|x64
		{6303C563-258E-473F-8D71-6CF10AC17A6E}.Debug|x86.ActiveCfg = Debug|Win32
		{6303C563-258E-473F-8D71-6CF10AC17A6E}.Debug|x86.Build.0 = Debug|Win32
		{6303C563-258E-473F-8D71-6CF10AC17A6E}.Release|x64.ActiveCfg = Release|x64
		{6303C563-258E-473F-8D71-6CF10AC17A6E}.Release|x64.Build.0 = Release|x64
		{6303C563-258E-473F-8D71-6CF10AC17A6E}.Release|x86.ActiveCfg = Release|Win32
		{6303C563-258E-473F-8D71-6CF10AC17A6E}.Release|x86.Build.0 = Release|Win32
		{C24028A1-6306-4DEA-990B-1023F01F0C81}.Debug|x64.ActiveCfg = Debug|x64
		{C24028A1-6306-4DEA-990B-1023F01F0C81}.Debug|x64.Build.0 = Debug|x64
		{C24028A1-6306-4DEA-990B-1023F01F0C81}.Debug|x86.ActiveCfg = Debug|Win32
		{C24028A1-6306-4DEA-990B-1023F01F0C81}.Debug|x86.Build.0 = Debug|Win32
		{C24028A1-6306-4DEA-990B-1023F01F0C81}.Release|x64.ActiveCfg = Release|x64
		{C24028A1-6306-4DEA-990B-1023F01F0C81}.Release|x64.Build.0 = Release|x64
		{C24028A1-6306-4DEA-990B-1023F01F0C81}.Release|x86.ActiveCfg = Release|Win32
		{C24028A1-6306-4DEA-990B-1023F01F0C81}.Release|x86.Build.0 = Release|Win32
		{32F2C3C3-A238-43D8-82A5-0241602FE75E}.Debug|x64.ActiveCfg = Debug|x64
		{32F2C3C3-A238-43D8-82A5-0241602FE75E}.Debug|x64.Build.0 = Debug|x64
		{32F2C3C3-A238-43D8-82A5-0241602FE75E}.Debug|x86.ActiveCfg = Debug|Win32
		{32F2C3C3-A238-43D8-82A5-0241602FE75E}.Debug|x86.Build.0 = Debug|Win32
		{32F2C3C3-A238-43D8-82A5-0241602FE75E}.Release|x64.ActiveCfg = Release|x64
		{32F2C3C3-A238-43D8-82A5-0241602FE75E}.Release|x64.Build.0 = Release|x64
		{32F2C3C3-A238-43D8-82A5-0241602FE75E}.Release|x86.ActiveCfg = Release|Win32
		{32F2C3C3-A238-43D8-82A5-0241602FE75E}.Release|x86.Build.0 = Release|Win32
		{6E274907-3E2C-44E4-87E6-4D833EB043D5}.Debug|x64.ActiveCfg = Debug|x64
		{6E274907-3E2C-44E4-87E6-4D833EB043D5}.Debug|x64.Build.0 = Debug|x64
		{6E274907-3E2C-44E4-87E6-4D833EB043D5}.Debug|x86.ActiveCfg = Debug|Win32
		{6E274907-3E2C-44E4-87E6-4D833EB043D5}.Debug|x86.Build.0 = Debug|Win32
		{6E274907-3E2C-44E4-87E6-4D833EB043D5}.Release|x64.ActiveCfg = Release|x64
		{6E274907-3E2C-44E4-87E6-4D833EB043D5}.Release|x64.Build.0 = Release|x64
		{6E274907-3E2C-44E4-87E6-4D833EB043D5}.Release|x86.ActiveCfg = Release|Win32
		{6E274907-3E2C-44E4-87E6-4D833EB043D5}.Release|x86.Build.0 = Release|Win32
		{E83C0AA1-2D13-412D-A9CD-C14DA652BFC0}.Debug|x64.ActiveCfg = Debug|x64
		{E83C0AA1-2D13-412D-A9CD-C14DA652BFC0}.Debug|x64.Build.0 = Debug|x64
		{E83C0AA1-2D13-412D-A9CD-C14DA652BFC0}.Debug|x86.ActiveCfg = Debug|Win32
		{E83C0AA1-2D13-412D-A9CD-C14DA652BFC0}.Debug|x86.Build.0 = Debug|Win32
		{E83C0AA1-2D13-412D-A9CD-C14DA652BFC0}.Release|x64.ActiveCfg = Release|x64
		{E83C0AA1-2D13-412D-A9CD-C14DA652BFC0}.Release|x64.Build.0 = Release|x64
		{E83C0AA1-2D13-412D-A9CD-C14DA652BFC0}.Release|x86.ActiveCfg = Release|Win32
		{E83C0AA1-2D13-412D-A9CD-C14DA652BFC0}.Release|x86.Build.0 = Release|Win32
		{B79BA41D-3878-4B3B-A216-78F793A58C17}.Debug|x64.ActiveCfg = Debug|x64
		{B79BA41D-3878-4B3B-A216-78F793A58C17}.Debug|x64.Build.0 = Debug|x64
		{B79BA41D-3878-4B3B-A216-78F793A58C17}.Debug|x86.ActiveCfg = Debug|Win32
		{B79BA41D-3878-4B3B-A216-78F793A58C17}.Debug|x86.Build.0 = Debug|Win32
		{B79BA41D-3878-4B3B-A216-78F793A58C17}.Release|x64.ActiveCfg = Release|x64
		{B79BA41D-3878-4B3B-A216-78F793A58C17}.Release|x64.Build.0 = Release|x64
		{B79BA41D-3878-4B3B-A216-78F793A58C17}.Release|x86.ActiveCfg = Release|Win32
		{B79BA41D-3878-4B3B-A216-78F793A58C17}.Release|x86.Build.0 = Release|Win32
		{1CFDA324-0591-45DB-AC58-03CC0B73D01F}.Debug|x64.ActiveCfg = Debug|x64
		{1CFDA324-0591-45DB-AC58-03CC0B73D01F}.Debug|x64.Build.0 = Debug|x64
		{1CFDA324-0591-45DB-AC58-03CC0B73D01F}.Debug|x86.ActiveCfg = Debug|Win32
		{1CFDA324-0591-45DB-AC58-03CC0B73D01F}.Debug|x86.Build.0 = Debug|Win32
		{1CFDA324-0591-45DB-AC58-03CC0B73D01F}.Release|x64.ActiveCfg = Release|x64
		{1CFDA324-0591-45DB-AC58-03CC0B73D01F}.Release|x64.Build.0 = Release|x64
		{1CFDA324-0591-45DB-AC58-03CC0B73D01F}.Release|x86.ActiveCfg = Release|Win32
		{1CFDA324-0591-45DB-AC58-03CC0B73D01F}.Release|x86.Build.0 = Release|Win32
		{0BD11F5A-F6A0-4A4C-BF08-678007469908}.Debug|x64.ActiveCfg = Debug|x64
		{0BD11F5A-F6A0-4A4C-BF08-678007469908}.Debug|x64.Build.0 = Debug|x64
		{0BD11F5A-F6A0-4A4C-BF08-678007469908}.Debug|x86.ActiveCfg = Debug|Win32
		{0BD11F5A-F6A0-4A4C-BF08-678007469908}.Debug|x86.Build.0 = Debug|Win32
		{0BD11F5A-F6A0-4A4C-BF08-678007469908}.Release|x64.ActiveCfg = Release|x64
		{0BD11F5A-F6A0-4A4C-BF08-678007469908}.Release|x64.Build.0 = Release|x64
		{0BD11F5A-F6A0-4A4C-BF08-678007469908}.Release|x86.ActiveCfg = Release|Win32
		{0BD11F5A-F6A0-4A4C-BF08-678007469908}.Release|x86.Build.0 = Release|Win32
		{46A783B1-BE69-4904-AE2C-987A6FD80425}.Debug|x64.ActiveCfg = Debug|x64
		{46A783B1-BE69-4904-AE2C-987A6FD80425}.Debug|x64.Build.0 = Debug|x64
		{46A783B1-BE69-4904-AE2C-987A6FD80425}.Debug|x86.ActiveCfg = Debug|Win32
		{46A783B1-BE69-4904-AE2C-987A6FD80425}.Debug|x86.Build.0 = Debug|Win32
		{46A783B1-BE69-4904-AE2C-987A6FD80425}.Release|x64.ActiveCfg = Release|x64
		{46A783B1-BE69-4904-AE2C-987A6FD80425}.Release|x64.Build.0 = Release|x64
		{46A783B1-BE69-4904-AE2C-987A6FD80425}.Release|x86.ActiveCfg = Release|Win32
		{46A783B1-BE69-4904-AE2C-987A6FD80425}.Release|x86.Build.0 = Release|Win32
		{BED98ADD-6C54-423D-92D8-6CD82EBC2D54}.Debug|x64.ActiveCfg = Debug|x64
		{BED98ADD-6C54-423D-92D8-6CD82EBC2D54}.Debug|x64.Build.0 = Debug|x64
		{BED98ADD-6C54-423D-92D8-6CD82EBC2D54}.Debug|x86.ActiveCfg = Debug|Win32
		{BED98ADD-6C54-423D-92D8-6CD82EBC2D54}.Debug|x86.Build.0 = Debug|Win32
		{BED98ADD-6C54-423D-92D8-6CD82EBC2D54}.Release|x64.ActiveCfg = Release|x64
		{BED98ADD-6C54-423D-92D8-6CD82EBC2D54}.Release|x64.Build.0 = Release|x64
		{BED98ADD-6C54-423D-92D8-6CD82EBC2D54}.Release|x86.ActiveCfg = Release|Win32
		{BED98ADD-6C54-423D-92D8-6CD82EBC2D54}.Release|x86.Build.0 = Release|Win32
		{08070039-2A7F-4090-8BF6-101D36118C43}.Debug|x64.ActiveCfg = Debug|x64
		{08070039-2A7F-4090-8BF6-101D36118C43}.Debug|x64.Build.0 = Debug|x64
		{08070039-2A7F-4090-8BF6-101D36118C43}.Debug|x86.ActiveCfg = Debug|Win32
		{08070039-2A7F-4090-8BF6-101D36118C43}.Debug|x86.Build.0 = Debug|Win32
		{08070039-2A7F-4090-8BF6-101D36118C43}.Release|x64.ActiveCfg = Release|x64
		{08070039-2A7F-4090-8BF6-101D36118C43}.Release|x64.Build.0 = Release|x64
		{08070039-2A7F-4090-8BF6-101D36118C43}.Release|x86.ActiveCfg = Release|Win32
		{08070039-2A7F-4090-8BF6-101D36118C43}.Release|x86.Build.0 = Release|Win32
		{73829547-8270-44FC-9CB2-C4A0EE170884}.Debug|x64.ActiveCfg = Debug|x64
		{73829547-8270-44FC-9CB2-C4A0EE170884}.Debug|x64.Build.0 = Debug|x64
		{73829547-8270-44FC-9CB2-C4A0EE170884}.Debug|x86.ActiveCfg = Debug|Win32
		{73829547-8270-44FC-9CB2-C4A0EE170884}.Debug|x86.Build.0 = Debug|Win32
		{73829547-8270-44FC-9CB2-C4A0EE170884}.Release|x64.ActiveCfg = Release|x64
		{73829547-8270-44FC-9CB2-C4A0EE170884}.Release|x64.Build.0 = Release|x64
		{73829547-8270-44FC-9CB2-C4A0EE170884}.Release|x86.ActiveCfg = Release|Win32
		{73829547-8270-44FC-9CB2-C4A0EE170884}.Release|x86.Build.0 = Release|Win32
		{776D66F5-D209-4791-B7E3-8DB29B40C2A4}.Debug|x64.ActiveCfg = Debug|x64
		{776D66F5-D209-4791-B7E3-8DB29B40C2A4}.Debug|x64.Build.0 = Debug|x64
		{776D66F5-D209-4791-B7E3-8DB29B40C2A4}.Debug|x86.ActiveCfg = Debug|Win32
		{776D66F5-D209-4791-B7E3-8DB29B40C2A4}.Debug|x86.Build.0 = Debug|Win32
		{776D66F5-D209-4791-B7E3-8DB29B40C2A4}.Release|x64.ActiveCfg = Release|x64
		{776D66F5-D209-4791-B7E3-8DB29B40C2A4}.Release|x64.Build.0 = Release|x64
		{776D66F5-D209-4791-B7E3-8DB29B40C2A4}.Release|x86.ActiveCfg = Release|Win32
		{776D66F5-D209-4791-B7E3-8DB29B40C2A4}.Release|x86.Build.0 = Release|Win32
		{69B4A15A-DC1F-49B1-A17F-71BE07A7EE45}.Debug|x64.ActiveCfg = Debug|x64
		{69B4A15A-DC1F-49B1-A17F-71BE07A7EE45}.Debug|x64.Build.0 = Debug|x64
		{69B4A15A-DC1F-49B1-A17F-71BE07A7EE45}.Debug|x86.ActiveCfg = Debug|Win32
		{69B4A15A-DC1F-49B1-A17F-71BE07A7EE45}.Debug|x86.Build.0 = Debug|Win32
		{69B4A15A-DC1F-49B1-A17F-71BE07A7EE45}.Release|x64.ActiveCfg = Release|x64
		{69B4A15A-DC1F-49B1-A17F-71BE07A7EE45}.Release|x64.Build.0 = Release|x64
		{69B4A15A-DC1F-49B1-A17F-71BE07A7EE45}.Release|x86.ActiveCfg = Release|Win32
		{69B4A15A-DC1F-49B1-A17F-71BE07A7EE45}.Release|x86.Build.0 = Release|Win32
		{9E66C0AA-68E6-41B0-A3FF-23DAAC4EE172}.Debug|x64.ActiveCfg = Debug|x64
		{9E66C0AA-68E6-41B0-A3FF-23DAAC4EE172}.Debug|x64.Build.0 = Debug|x64
		{9E66C0AA-68E6-41B0-A3FF-23DAAC4EE172}.Debug|x86.ActiveCfg = Debug|Win32
		{9E66C0AA-68E6-41B0-A3FF-23DAAC4EE172}.Debug|x86.Build.0 = Debug|Win32
		{9E66C0AA-68E6-41B0-A3FF-23DAAC4EE172}.Release|x64.ActiveCfg = Release|x64
		{9E66C0AA-68E6-41B0-A3FF-23DAAC4EE172}.Release|x64.Build.0 = Release|x64
		{9E66C0AA-68E6-41B0-A3FF-23DAAC4EE172}.Release|x86.ActiveCfg = Release|Win32
		{9E66C0AA-68E6-41B0-A3FF-23DAAC4EE172}.Release|x86.Build.0 = Release|Win32
		{8E219842-DBDE-4C8D-9B42-A2BBCC78734B}.Debug|x64.ActiveCfg = Debug|x64
		{8E219842-DBDE-4C8D-9B42-A2BBCC78734B}.Debug|x64.Build.0 = Debug|x64
		{8E219842-DBDE-4C8D-9B42-A2BBCC78734B}.Debug|x86.ActiveCfg = Debug|Win32
		{8E219842-DBDE-4C8D-9B42-A2BBCC78734B}.Debug|x86.Build.0 = Debug|Win32
		{8E219842-DBDE-4C8D-9B42-A2BBCC78734B}.Release|x64.ActiveCfg = Release|x64
		{8E219842-DBDE-4C8D-9B42-A2BBCC78734B}.Release|x64.Build.0 = Release|x64
		{8E219842-DBDE-4C8D-9B42-A2BBCC78734B}.Release|x86.ActiveCfg = Release|Win32
		{8E219842-DBDE-4C8D-9B42-A2BBCC78734B}.Release|x86.Build.0 = Release|Win32
		{E549D197-1E13-4D80-B4CB-EE17CF9BBB6A}.Debug|x64.ActiveCfg = Debug|x64
		{E549D197-1E13-4D80-B4CB-EE17CF9BBB6A}.Debug|x64.Build.0 = Debug|x64
		{E549D197-1E13-4D80-B4CB-EE17CF9BBB6A}.Debug|x86.ActiveCfg = Debug|Win32
		{E549D197-1E13-4D80-B4CB-EE17CF9BBB6A}.Debug|x86.Build.0 = Debug|Win32
		{E549D197-1E13-4D80-B4CB-EE17CF9BBB6A}.Release|x64.ActiveCfg = Release|x64
		{E549D197-1E13-4D80-B4CB-EE17CF9BBB6A}.Release|x64.Build.0 = Release|x64
		{E549D197-1E13-4D80-B4CB-EE17CF9BBB6A}.Release|x86.ActiveCfg = Release|Win32
		{E549D197-1E13-4D80-B4CB-EE17CF9BBB6A}.Release|x86.Build.0 = Release|Win32
		{6C9278DE-3EEB-4CA5-AF9C-336B43B35F9A}.Debug|x64.ActiveCfg = Debug|x64
		{6C9278DE-3EEB-4CA5-AF9C-336B43B35F9A}.Debug|x64.Build.0 = Debug|x64
		{6C9278DE-3EEB-4CA5-AF9C-336B43B35F9A}.Debug|x86.ActiveCfg = Debug|Win32
		{6C9278DE-3EEB-4CA5-AF9C-336B43B35F9A}.Debug|x86.Build.0 = Debug|Win32
		{6C9278DE-3EEB-4CA5-AF9C-336B43B35F9A}.Release|x64.ActiveCfg = Release|x64
		{6C9278DE-3EEB-4CA5-AF9C-336B43B35F9A}.Release|x64.Build.0 = Release|x64
		{6C9278DE-3EEB-4CA5-AF9C-336B43B35F9A}.Release|x86.ActiveCfg = Release|Win32
		{6C9278DE-3EEB-4CA5-AF9C-336B43B35F9A}.Release|x86.Build.0 = Release|Win32
		{B6D849AC-CEEC-461A-8DF7-C27F513D5E4D}.Debug|x64.ActiveCfg = Debug|x64
		{B6D849AC-CEEC-461A-8DF7-C27F513D5E4D}.Debug|x64.Build.0 = Debug|x64
		{B6D849AC-CEEC-461A-8DF7-C27F513D5E4D}.Debug|x86.ActiveCfg = Debug|Win32
		{B6D849AC-CEEC-461A-8DF7-C27F513D5E4D}.Debug|x86.Build.0 = Debug|Win32
		{B6D849AC-CEEC-461A-8DF7-C27F513D5E4D}.Release|x64.ActiveCfg = Release|x64
		{B6D849AC-CEEC-461A-8DF7-C27F513D5E4D}.Release|x64.Build.0 = Release|x64
		{B6D849AC-CEEC-461A-8DF7-C27F513D5E4D}.Release|x86.ActiveCfg = Release|Win32
		{B6D849AC-CEEC-461A-8DF7-C27F513D5E4D}.Release|x86.Build.0 = Release|Win32
		{63076C2D-B37F-444F-87C2-DF455639A78F}.Debug|x64.ActiveCfg = Debug|x64
		{63076C2D-B37F-444F-87C2-DF455639A78F}.Debug|x64.Build.0 = Debug|x64
		{63076C2D-B37F-444F-87C2-DF455639A78F}.Debug|x86.ActiveCfg = Debug|Win32
		{63076C2D-B37F-444F-87C2-DF455639A78F}.Debug|x86.Build.0 = Debug|Win32
		{63076C2D-B37F-444F-87C2-DF455639A78F}.Release|x64.ActiveCfg = Release|x64
		{63076C2D-B37F-444F-87C2-DF455639A78F}.Release|x64.Build.0 = Release|x64
		{63076C2D-B37F-444F-87C2-DF455639A78F}.Release|x86.ActiveCfg = Release|Win32
		{63076C2D-B37F-444F-87C2-DF455639A78F}.Release|x86.Build.0 = Release|Win32
		{04B06A1B-1C72-453D-B3C5-87FB3E9718A1}.Debug|x64.ActiveCfg = Debug|x64
		{04B06A1B-1C72-453D-B3C5-87FB3E9718A1}.Debug|x64.Build.0 = Debug|x64
		{04B06A1B-1C72-453D-B3C5-87FB3E9718A1}.Debug|x86.ActiveCfg = Debug|Win32
		{04B06A1B-1C72-453D-B3C5-87FB3E9718A1}.Debug|x86.Build.0 = Debug|Win32
		{04B06A1B-1C72-453D-B3C5-87FB3E9718A1}.Release|x64.ActiveCfg = Release|x64
		{04B06A1B-1C72-453D-B3C5-87FB3E9718A1}.Release|x64.Build.0 = Release|x64
		{04B06A1B-1C72-453D-B3C5-87FB3E9718A1}.Release|x86.ActiveCfg = Release|Win32
		{04B06A1B-1C72-453D-B3C5-87FB3E9718A1}.Release|x86.Build.0 = Release|Win32
		{4CF9AA4E-F3A2-4093-8753-93D1FA038273}.Debug|x64.ActiveCfg = Debug|x64
		{4CF9AA4E-F3A2-4093-8753-93D1FA038273}.Debug|x64.Build.0 = Debug|x64
		{4CF9AA4E-F3A2-4093-8753-93D1FA038273}.Debug|x86.ActiveCfg = Debug|Win32
		{4CF9AA4E-F3A2-4093-8753-93D1FA038273}.Debug|x86.Build.0 = Debug|Win32
		{4CF9AA4E-F3A2-4093-8753-93D1FA038273}.Release|x64.ActiveCfg = Release|x64
		{4CF9AA4E-F3A2-4093-8753-93D1FA038273}.Release|x64.Build.0 = Release|x64
		{4CF9AA4E-F3A2-4093-8753-93D1FA038273}.Release|x86.ActiveCfg = Release|Win32
		{4CF9AA4E-F3A2-4093-8753-93D1FA038273}.Release|x86.Build.0 = Release|Win32
		{7A6272BC-B05C-4CC3-BE37-77190021FBD9}.Debug|x64.ActiveCfg = Debug|x64
		{7A6272BC-B05C-4CC3-BE37-77190021FBD9}.Debug|x64.Build.0 = Debug|x64
		{7A6272BC-B05C-4CC3-BE37-77190021FBD9}.Debug|x86.ActiveCfg = Debug|Win32
		{7A6272BC-B05C-4CC3-BE37-77190021FBD9}.Debug|x86.Build.0 = Debug|Win32
		{7A6272BC-B05C-4CC3-BE37-77190021FBD9}.Release|x64.ActiveCfg = Release|x64
		{7A6272BC-B05C-4CC3-BE37-77190021FBD9}.Release|x64.Build.0 = Release|x64
		{7A6272BC-B05C-4CC3-BE37-77190021FBD9}.Release|x86.ActiveCfg = Release|Win32
		{7A6272BC-B05C-4CC3-BE37-77190021FBD9}.Release|x86.Build.0 = Release|Win32
		{5AA6EFF2-7E73-4C40-9069-44FA08B921ED}.Debug|x64.ActiveCfg = Debug|x64
		{5AA6EFF2-7E73-4C40-9069-44FA08B921ED}.Debug|x64.Build.0 = Debug|x64
		{5AA6EFF2-7E73-4C40-9069-44FA08B921ED}.Debug|x86.ActiveCfg = Debug|Win32
		{5AA6EFF2-7E73-4C40-9069-44FA08B921ED}.Debug|x86.Build.0 = Debug|Win32
		{5AA6EFF2-7E73-4C40-9069-44FA08B921ED}.Release|x64.ActiveCfg = Release|x64
		{5AA6EFF2-7E73-4C40-9069-44FA08B921ED}.Release|x64.Build.0 = Release|x64
		{5AA6EFF2-7E73-4C40-9069-44FA08B921ED}.Release|x86.ActiveCfg = Release|Win32
		{5AA6EFF2-7E73-4C40-9069-44FA08B921ED}.Release|x86.Build.0 = Release|Win32
		{854BA328-691D-4F79-ADCC-89D2CDE4CFB9}.Debug|x64.ActiveCfg = Debug|x64
		{854BA328-691D-4F79-ADCC-89D2CDE4CFB9}.Debug|x64.Build.0 = Debug|x64
		{854BA328-691D-4F79-ADCC-89D2CDE4CFB9}.Debug|x86.ActiveCfg = Debug|Win32
		{854BA328-691D-4F79-ADCC-89D2CDE4CFB9}.Debug|x86.Build.0 = Debug|Win32
		{854BA328-691D-4F79-ADCC-89D2CDE4CFB9}.Release|x64.ActiveCfg = Release|x64
		{854BA328-691D-4F79-ADCC-89D2CDE4CFB9}.Release|x64.Build.0 = Release|x64
		{854BA328-691D-4F79-ADCC-89D2CDE4CFB9}.Release|x86.ActiveCfg = Release|Win32
		{854BA328-691D-4F79-ADCC-89D2CDE4CFB9}.Release|x86.Build.0 = Release|Win32
		{447A7040-5BCD-4A98-8257-500BB4BBAC8E}.Debug|x64.ActiveCfg = Debug|x64
		{447A7040-5BCD-4A98-8257-500BB4BBAC8E}.Debug|x64.Build.0 = Debug|x64
		{447A7040-5BCD-4A98-8257-500BB4BBAC8E}.Debug|x86.ActiveCfg = Debug|Win32
		{447A7040-5BCD-4A98-8257-500BB4BBAC8E}.Debug|x86.Build.0 = Debug|Win32
		{447A7040-5BCD-4A98-8257-500BB4BBAC8E}.Release|x64.ActiveCfg = Release|x64
		{447A7040-5BCD-4A98-8257-500BB4BBAC8E}.Release|x64.Build.0 = Release|x64
		{447A7040-5BCD-4A98-8257-500BB4BBAC8E}.Release|x86.ActiveCfg = Release|Win32
		{447A7040-5BCD-4A98-8257-500BB4BBAC8E}.Release|x86.Build.0 = Release|Win32
		{BA1E4986-F225-4740-A98E-D6427CC204FD}.Debug|x64.ActiveCfg = Debug|x64
		{BA1E4986-F225-4740-A98E-D6427CC204FD}.Debug|x64.Build.0 = Debug|x64
		{BA1E4986-F225-4740-A98E-D6427CC204FD}.Debug|x86.ActiveCfg = Debug|Win32
		{BA1E4986-F225-4740-A98E-D6427CC204FD}.Debug|x86.Build.0 = Debug|Win32
		{BA1E4986-F225-4740-A98E-D6427CC204FD}.Release|x64.ActiveCfg = Release|x64
		{BA1E4986-F225-4740-A98E-D6427CC204FD}.Release|x64.Build.0 = Release|x64
		{BA1E4986-F225-4740-A98E-D6427CC204FD}.Release|x86.ActiveCfg = Release|Win32
		{BA1E4986-F225-4740-A98E-D6427CC204FD}.Release|x86.Build.0 = Release|Win32
		{EF31CE3F-7985-4F5D-B39F-9B6182B6EEAC}.Debug|x64.ActiveCfg = Debug|x64
		{EF31CE3F-7985-4F5D-B39F-9B6182B6EEAC}.Debug|x64.Build.0 = Debug|x64
		{EF31CE3F-7985-4F5D-B39F-9B6182B6EEAC}.Debug|x86.ActiveCfg = Debug|Win32
		{EF31CE3F-7985-4F5D-B39F-9B6182B6EEAC}.Debug|x86.Build.0 = Debug|Win32
		{EF31CE3F-7985-4F5D-B39F-9B6182B6EEAC}.Release|x64.ActiveCfg = Release|x64
		{EF31CE3F-7985-4F5D-B39F-9B6182B6EEAC}.Release|x64.Build.0 = Release|x64
		{EF31CE3F-7985-4F5D-B39F-9B6182B6EEAC}.Release|x86.ActiveCfg = Release|Win32
		{EF31CE3F-7985-4F5D-B39F-9B6182B6EEAC}.Release|x86.Build.0 = Release|Win32
		{E47CEF01-384C-4935-AAF1-43FF6303D223}.Debug|x64.ActiveCfg = Debug|x64
		{E47CEF01-384C-4935-AAF1-43FF6303D223}.Debug|x64.Build.0 = Debug|x64
		{E47CEF01-384C-4935-AAF1-43FF6303D223}.Debug|x86.ActiveCfg = Debug|Win32
		{E47CEF01-384C-4935-AAF1-43FF6303D223}.Debug|x86.Build.0 = Debug|Win32
		{E47CEF01-384C-4935-AAF1-43FF6303D223}.Release|x64.ActiveCfg = Release|x64
		{E47CEF01-384C-4935-AAF1-43FF6303D223}.Release|x64.Build.0 = Release|x64
		{E47CEF01-384C-4935-AAF1-43FF6303D223}.Release|x86.ActiveCfg = Release|Win32
		{E47CEF01-384C-4935-AAF1-43FF6303D223}.Release|x86.Build.0 = Release|Win32
		{B4E5EAB3-942C-41CD-9BF2-47CC1D602A27}.Debug|x64.ActiveCfg = Debug|x64
		{B4E5EAB3-942C-41CD-9BF2-47CC1D602A27}.Debug|x64.Build.0 = Debug|x64
		{B4E5EAB3-942C-41CD-9BF2-47CC1D602A27}.Debug|x86.ActiveCfg = Debug|Win32
		{B4E5EAB3-942C-41CD-9BF2-47CC1D602A27}.Debug|x86.Build.0 = Debug|Win32
		{B4E5EAB3-942C-41CD-9BF2-47CC1D602A27}.Release|x64.ActiveCfg = Release|x64
		{B4E5EAB3-942C-41CD-9BF2-47CC1D602A27}.Release|x64.Build.0 = Release|x64
		{B4E5EAB3-942C-41CD-9BF2-47CC1D602A27}.Release|x86.ActiveCfg = Release|Win32
		{B4E5EAB3-942C-41CD-9BF2-47CC1D602A27}.Release|x86.Build.0 = Release|Win32
		{F4661FD4-1A94-4570-AEB5-3250EE8BF046}.Debug|x64.ActiveCfg = Debug|x64
		{F4661FD4-1A94-4570-AEB5-3250EE8BF046}.Debug|x64.Build.0 = Debug|x64
		{F4661FD4-1A94-4570-AEB5-3250EE8BF046}.Debug|x86.ActiveCfg = Debug|Win32
		{F4661FD4-1A94-4570-AEB5-3250EE8BF046}.Debug|x86.Build.0 = Debug|Win32
		{F4661FD4-1A94-4570-AEB5-3250EE8BF046}.Release|x64.ActiveCfg = Release|x64
		{F4661FD4-1A94-4570-AEB5-3250EE8BF046}.Release|x64.Build.0 = Release|x64
		{F4661FD4-1A94-4570-AEB5-3250EE8BF046}.Release|x86.ActiveCfg = Release|Win32
		{F4661FD4-1A94-4570-AEB5-3250EE8BF046}.Release|x86.Build.0 = Release|Win32
		{21A63ADF-50F6-4937-8E8C-6139AD0D461C}.Debug|x64.ActiveCfg = Debug|x64
		{21A63ADF-50F6-4937-8E8C-6139AD0D461C}.Debug|x64.Build.0 = Debug|x64
		{21A63ADF-50F6-4937-8E8C-6139AD0D461C}.Debug|x86.ActiveCfg = Debug|Win32
		{21A63ADF-50F6-4937-8E8C-6139AD0D461C}.Debug|x86.Build.0 = Debug|Win32
		{21A63ADF-50F6-4937-8E8C-6139AD0D461C}.Release|x64.ActiveCfg = Release|x64
		{21A63ADF-50F6-4937-8E8C-6139AD0D461C}.Release|x64.Build.0 = Release|x64
		{21A63ADF-50F6-4937-8E8C-6139AD0D461C}.Release|x86.ActiveCfg = Release|Win32
		{21A63ADF-50F6-4937-8E8C-6139AD0D461C}.Release|x86.Build.0 = Release|Win32
		{0BCFCDD8-9B87-4076-A0EB-85964B4C6F69}.Debug|x64.ActiveCfg = Debug|x64
		{0BCFCDD8-9B87-4076-A0EB-85964B4C6F69}.Debug|x64.Build.0 = Debug|x64
		{0BCFCDD8-9B87-4076-A0EB-85964B4C6F69}.Debug|x86.ActiveCfg = Debug|Win32
		{0BCFCDD8-9B87-4076-A0EB-85964B4C6F69}.Debug|x86.Build.0 = Debug|Win32
		{0BCFCDD8-9B87-4076-A0EB-85964B4C6F69}.Release|x64.ActiveCfg = Release|x64
		{0BCFCDD8-9B87-4076-A0EB-85964B4C6F69}.Release|x64.Build.0 = Release|x64
		{0BCFCDD8-9B87-4076-A0EB-85964B4C6F69}.Release|x86.ActiveCfg = Release|Win32
		{0BCFCDD8-9B87-4076-A0EB-85964B4C6F69}.Release|x86.Build.0 = Release|Win32
		{8DF60AAF-F385-4ECF-8D16-87D21B15CB13}.Debug|x64.ActiveCfg = Debug|x64
		{8DF60AAF-F385-4ECF-8D16-87D21B15CB13}.Debug|x64.Build.0 = Debug|x64
		{8DF60AAF-F385-4ECF-8D16-87D21B15CB13}.Debug|x86.ActiveCfg = Debug|Win32
		{8DF60AAF-F385-4ECF-8D16-87D21B15CB13}.Debug|x86.Build.0 = Debug|Win32
		{8DF60AAF-F385-4ECF-8D16-87D21B15CB13}.Release|x64.ActiveCfg = Release|x64
		{8DF60AAF-F385-4ECF-8D16-87D21B15CB13}.Release|x64.Build.0 = Release|x64
		{8DF60AAF-F385-4ECF-8D16-87D21B15CB13}.Release|x86.ActiveCfg = Release|Win32
		{8DF60AAF-F385-4ECF-8D16-87D21B15CB13}.Release|x86.Build.0 = Release|Win32
		{3AD4AF68-EB55-4E70-922F-AFBB88A6CB08}.Debug|x64.ActiveCfg = Debug|x64
		{3AD4AF68-EB55-4E70-922F-AFBB88A6CB08}.Debug|x64.Build.0 = Debug|x64
		{3AD4AF68-EB55-4E70-922F-AFBB88A6CB08}.Debug|x86.ActiveCfg = Debug|Win32
		{3AD4AF68-EB55-4E70-922F-AFBB88A6CB08}.Debug|x86.Build.0 = Debug|Win32
		{3AD4AF68-EB55-4E70-922F-AFBB88A6CB08}.Release|x64.ActiveCfg = Release|x64
		{3AD4AF68-EB55-4E70-922F-AFBB88A6CB08}.Release|x64.Build.0 = Release|x64
		{3AD4AF68-EB55-4E70-922F-AFBB88A6CB08}.Release|x86.ActiveCfg = Release|Win32
		{3AD4AF68-EB55-4E70-922F-AFBB88A6CB08}.Release|x86.Build.0 = Release|Win32
		{0B1B360C-32C5-4A88-ADCF-65D2DF34A8BA}.Debug|x64.ActiveCfg = Debug|x64
		{0B1B360C-32C5-4A88-ADCF-65D2DF34A8BA}.Debug|x64.Build.0 = Debug|x64
		{0B1B360C-32C5-4A88-ADCF-65D2DF34A8BA}.Debug|x86.ActiveCfg = Debug|Win32
		{0B1B360C-32C5-4A88-ADCF-65D2DF34A8BA}.Debug|x86.Build.0 = Debug|Win32
		{0B1B360C-32C5-4A88-ADCF-65D2DF34A8BA}.Release|x64.ActiveCfg = Release|x64
		{0B1B360C-32C5-4A88-ADCF-65D2DF34A8BA}.Release|x64.Build.0 = Release|x64
		{0B1B360C-32C5-4A88-ADCF-65D2DF34A8BA}.Release|x86.ActiveCfg = Release|Win32
		{0B1B360C-32C5-4A88-ADCF-65D2DF34A8BA}.Release|x86.Build.0 = Release|Win32
		{8BE2093E-1623-45CF-BE57-32C20BD3B6DD}.Debug|x64.ActiveCfg = Debug|x64
		{8BE2093E-1623-45CF-BE57-32C20BD3B6DD}.Debug|x64.Build.0 = Debug|x64
		{8BE2093E-1623-45CF-BE57-32C20BD3B6DD}.Debug|x86.ActiveCfg = Debug|Win32
		{8BE2093E-1623-45CF-BE57-32C20BD3B6DD}.Debug|x86.Build.0 = Debug|Win32
		{8BE2093E-1623-45CF-BE57-32C20BD3B6DD}.Release|x64.ActiveCfg = Release|x64
		{8BE2093E-1623-45CF-BE57-32C20BD3B6DD}.Release|x64.Build.0 = Release|x64
		{8BE2093E-1623-45CF-BE57-32C20BD3B6DD}.Release|x86.ActiveCfg = Release|Win32
		{8BE2093E-1623-45CF-BE57-32C20BD3B6DD}.Release|x86.Build.0 = Release|Win32
		{A7583B32-AF8D-41C2-951C-98BA8BAAE118}.Debug|x64.ActiveCfg = Debug|x64
		{A7583B32-AF8D-41C2-951C-98BA8BAAE118}.Debug|x64.Build.0 = Debug|x64
		{A7583B32-AF8D-41C2-951C-98BA8BAAE118}.Debug|x86.ActiveCfg = Debug|Win32
		{A7583B32-AF8D-41C2-951C-98BA8BAAE118}.Debug|x86.Build.0 = Debug|Win32
		{A7583B32-AF8D-41C2-951C-98BA8BAAE118}.Release|x64.ActiveCfg = Release|x64
		{A7583B32-AF8D-41C2-951C-98BA8BAAE118}.Release|x64.Build.0 = Release|x64
		{A7583B32-AF8D-41C2-951C-98BA8BAAE118}.Release|x86.ActiveCfg = Release|Win32
		{A7583B32-AF8D-41C2-951C-98BA8BAAE118}.Release|x86.Build.0 = Release|Win32
		{8EE5E371-A527-4C17-BD57-C6FA8B6C1E6C}.Debug|x64.ActiveCfg = Debug|x64
		{8EE5E371-A527-4C17-BD57-C6FA8B6C1E6C}.Debug|x64.Build.0 = Debug|x64
		{8EE5E371-A527-4C17-BD57-C6FA8B6C1E6C}.Debug|x86.ActiveCfg = Debug|Win32
		{8EE5E371-A527-4C17-BD57-C6FA8B6C1E6C}.Debug|x86.Build.0 = Debug|Win32
		{8EE5E371-A527-4C17-BD57-C6FA8B6C1E6C}.Release|x64.ActiveCfg = Release|x64
		{8EE5E371-A527-4C17-BD57-C6FA8B6C1E6C}.Release|x64.Build.0 = Release|x64
		{8EE5E371-A527-4C17-BD57-C6FA8B6C1E6C}.Release|x86.ActiveCfg = Release|Win32
		{8EE5E371-A527-4C17-BD57-C6FA8B6C1E6C}.Release|x86.Build.0 = Release|Win32
		{5F35466E-EC54-4F85-AFD4-413009CD28C9}.Debug|x64.ActiveCfg = Debug|x64
		{5F35466E-EC54-4F85-AFD4-413009CD28C9}.Debug|x64.Build.0 = Debug|x64
		{5F35466E-EC54-4F85-AFD4-413009CD28C9}.Debug|x86.ActiveCfg = Debug|Win32
		{5F35466E-EC54-4F85-AFD4-413009CD28C9}.Debug|x86.Build.0 = Debug|Win32
		{5F35466E-EC54-4F85-AFD4-413009CD28C9}.Release|x64.ActiveCfg = Release|x64
		{5F35466E-EC54-4F85-AFD4-413009CD28C9}.Release|x64.Build.0 = Release|x64
		{5F35466E-EC54-4F85-AFD4-413009CD28C9}.Release|x86.ActiveCfg = Release|Win32
		{5F35466E-EC54-4F85-AFD4-413009CD28C9}.Release|x86.Build.0 = Release|Win32
		{9F7A249A-EA09-4A4F-9068-5597EE822473}.Debug|x64.ActiveCfg = Debug|x64
		{9F7A249A-EA09-4A4F-9068-5597EE822473}.Debug|x64.Build.0 = Debug|x64
		{9F7A249A-EA09-4A4F-9068-5597EE822473}.Debug|x86.ActiveCfg = Debug|Win32
		{9F7A249A-EA09-4A4F-9068-5597EE822473}.Debug|x86.Build.0 = Debug|Win32
		{9F7A249A-EA09-4A4F-9068-5597EE822473}.Release|x64.ActiveCfg = Release|x64
		{9F7A249A-EA09-4A4F-9068-5597EE822473}.Release|x64.Build.0 = Release|x64
		{9F7A249A-EA09-4A4F-9068-5597EE822473}.Release|x86.ActiveCfg = Release|Win32
		{9F7A249A-EA09-4A4F-9068-5597EE822473}.Release|x86.Build.0 = Release|Win32
		{B873DB68-DAD4-4F1C-BFB7-D0A50A92B516}.Debug|x64.ActiveCfg = Debug|x64
		{B873DB68-DAD4-4F1C-BFB7-D0A50A92B516}.Debug|x64.Build.0 = Debug|x64
		{B873DB68-DAD4-4F1C-BFB7-D0A50A92B516}.Debug|x86.ActiveCfg = Debug|Win32
		{B873DB68-DAD4-4F1C-BFB7-D0A50A92B516}.Debug|x86.Build.0 = Debug|Win32
		{B873DB68-DAD4-4F1C-BFB7-D0A50A92B516}.Release|x64.ActiveCfg = Release|x64
		{B873DB68-DAD4-4F1C-BFB7-D0A50A92B516}.Release|x64.Build.0 = Release|x64
		{B873DB68-DAD4-4F1C-BFB7-D0A50A92B516}.Release|x86.ActiveCfg = Release|Win32
		{B873DB68-DAD4-4F1C-BFB7-D0A50A92B516}.Release|x86.Build.0 = Release|Win32
		{4B0E02DB-153E-49A7-976D-192A2FB69DBD}.Debug|x64.ActiveCfg = Debug|x64
		{4B0E02DB-153E-49A7-976D-192A2FB69DBD}.Debug|x64.Build.0 = Debug|x64
		{4B0E02DB-153E-49A7-976D-192A2FB69DBD}.Debug|x86.ActiveCfg = Debug|Win32
		{4B0E02DB-153E-49A7-976D-192A2FB69DBD}.Debug|x86.Build.0 = Debug|Win32
		{4B0E02DB-153E-49A7-976D-192A2FB69DBD}.Release|x64.ActiveCfg = Release|x64
		{4B0E02DB-153E-49A7-976D-192A2FB69DBD}.Release|x64.Build.0 = Release|x64
		{4B0E02DB-153E-49A7-976D-192A2FB69DBD}.Release|x86.ActiveCfg = Release|Win32
		{4B0E02DB-153E-49A7-976D-192A2FB69DBD}.Release|x86.Build.0 = Release|Win32
		{240A7DF2-FA30-4151-8118-DF5A99BE4EB9}.Debug|x64.ActiveCfg = Debug|x64
		{240A7DF2-FA30-4151-8118-DF5A99BE4EB9}.Debug|x64.Build.0 = Debug|x64
		{240A7DF2-FA30-4151-8118-DF5A99BE4EB9}.Debug|x86.ActiveCfg = Debug|Win32
		{240A7DF2-FA30-4151-8118-DF5A99BE4EB9}.Debug|x86.Build.0 = Debug|Win32
		{240A7DF2-FA30-4151-8118-DF5A99BE4EB9}.Release|x64.ActiveCfg = Release|x64
		{240A7DF2-FA30-4151-8118-DF5A99BE4EB9}.Release|x64.Build.0 = Release|x64
		{240A7DF2-FA30-4151-8118-DF5A99BE4EB9}.Release|x86.ActiveCfg = Release|Win32
		{240A7DF2-FA30-4151-8118-DF5A99BE4EB9}.Release|x86.Build.0 = Release|Win32
		{54E53B03-B473-42B9-970E-383C624619A7}.Debug|x64.ActiveCfg = Debug|x64
		{54E53B03-B473-42B9-970E-383C624619A7}.Debug|x64.Build.0 = Debug|x64
		{54E53B03-B473-42B9-970E-383C624619A7}.Debug|x86.ActiveCfg = Debug|Win32
		{54E53B03-B473-42B9-970E-383C624619A7}.Debug|x86.Build.0 = Debug|Win32
		{54E53B03-B473-42B9-970E-383C624619A7}.Release|x64.ActiveCfg = Release|x64
		{54E53B03-B473-42B9-970E-383C624619A7}.Release|x64.Build.0 = Release|x64
		{54E53B03-B473-42B9-970E-383C624619A7}.Release|x86.ActiveCfg = Release|Win32
		{54E53B03-B473-42B9-970E-383C624619A7}.Release|x86.Build.0 = Release|Win32
		{F057A0E4-CEF4-41C4-8016-BE19171AC6EE}.Debug|x64.ActiveCfg = Debug|x64
		{F057A0E4-CEF4-41C4-8016-BE19171AC6EE}.Debug|x64.Build.0 = Debug|x64
		{F057A0E4-CEF4-41C4-8016-BE19171AC6EE}.Debug|x86.ActiveCfg = Debug|Win32
		{F057A0E4-CEF4-41C4-8016-BE19171AC6EE}.Debug|x86.Build.0 = Debug|Win32
		{F057A0E4-CEF4-41C4-8016-BE19171AC6EE}.Release|x64.ActiveCfg = Release|x64
		{F057A0E4-CEF4-41C4-8016-BE19171AC6EE}.Release|x64.Build.0 = Release|x64
		{F057A0E4-CEF4-41C4-8016-BE19171AC6EE}.Release|x86.ActiveCfg = Release|Win32
		{F057A0E4-CEF4-41C4-8016-BE19171AC6EE}.Release|x86.Build.0 = Release|Win32
		{9610C6CE-ED0A-4AA1-9EC7-81162375472D}.Debug|x64.ActiveCfg = Debug|x64
		{9610C6CE-ED0A-4AA1-9EC7-81162375472D}.Debug|x64.Build.0 = Debug|x64
		{9610C6CE-ED0A-4AA1-9EC7-81162375472D}.Debug|x86.ActiveCfg = Debug|Win32
		{9610C6CE-ED0A-4AA1-9EC7-81162375472D}.Debug|x86.Build.0 = Debug|Win32
		{9610C6CE-ED0A-4AA1-9EC7-81162375472D}.Release|x64.ActiveCfg = Release|x64
		{9610C6CE-ED0A-4AA1-9EC7-81162375472D}.Release|x64.Build.0 = Release|x64
		{9610C6CE-ED0A-4AA1-9EC7-81162375472D}.Release|x86.ActiveCfg = Release|Win32
		{9610C6CE-ED0A-4AA1-9EC7-81162375472D}.Release|x86.Build.0 = Release|Win32
		{60011ED3-0DD8-4948-A181-BECC2413CF55}.Debug|x64.ActiveCfg = Debug|x64
		{60011ED3-0DD8-4948-A181-BECC2413CF55}.Debug|x64.Build.0 = Debug|x64
		{60011ED3-0DD8-4948-A181-BECC2413CF55}.Debug|x86.ActiveCfg = Debug|Win32
		{60011ED3-0DD8-4948-A181-BECC2413CF55}.Debug|x86.Build.0 = Debug|Win32
		{60011ED3-0DD8-4948-A181-BECC2413CF55}.Release|x64.ActiveCfg = Release|x64
		{60011ED3-0DD8-4948-A181-BECC2413CF55}.Release|x64.Build.0 = Release|x64
		{60011ED3-0DD8-4948-A181-BECC2413CF55}.Release|x86.ActiveCfg = Release|Win32
		{60011ED3-0DD8-4948-A181-BECC2413CF55}.Release|x86.Build.0 = Release|Win32
		{75E1F612-B5BA-441A-9CA2-E5DC042325C5}.Debug|x64.ActiveCfg = Debug|x64
		{75E1F612-B5BA-441A-9CA2-E5DC042325C5}.Debug|x64.Build.0 = Debug|x64
		{75E1F612-B5BA-441A-9CA2-E5DC042325C5}.Debug|x86.ActiveCfg = Debug|Win32
		{75E1F612-B5BA-441A-9CA2-E5DC042325C5}.Debug|x86.Build.0 = Debug|Win32
		{75E1F612-B5BA-441A-9CA2-E5DC042325C5}.Release|x64.ActiveCfg = Release|x64
		{75E1F612-B5BA-441A-9CA2-E5DC042325C5}.Release|x64.Build.0 = Release|x64
		{75E1F612-B5BA-441A-9CA2-E5DC042325C5}.Release|x86.ActiveCfg = Release|Win32
		{75E1F612-B5BA-441A-9CA2-E5DC042325C5}.Release|x86.Build.0 = Release|Win32
		{C422DAF2-12A2-4847-8348-D65438219A97}.Debug|x64.ActiveCfg = Debug|x64
		{C422DAF2-12A2-4847-8348-D65438219A97}.Debug|x64.Build.0 = Debug|x64
		{C422DAF2-12A2-4847-8348-D65438219A97}.Debug|x86.ActiveCfg = Debug|Win32
		{C422DAF2-12A2-4847-8348-D65438219A97}.Debug|x86.Build.0 = Debug|Win32
		{C422DAF2-12A2-4847-8348-D65438219A97}.Release|x64.ActiveCfg = Release|x64
		{C422DAF2-12A2-4847-8348-D65438219A97}.Release|x64.Build.0 = Release|x64
		{C422DAF2-12A2-4847-8348-D65438219A97}.Release|x86.ActiveCfg = Release|Win32
		{C422DAF2-12A2-4847-8348-D65438219A97}.Release|x86.Build.0 = Release|Win32
		{2478E4AA-E8F5-410F-BEA6-5E9F8BB55422}.Debug|x64.ActiveCfg = Debug|x64
		{2478E4AA-E8F5-410F-BEA6-5E9F8BB55422}.Debug|x64.Build.0 = Debug|x64
		{2478E4AA-E8F5-410F-BEA6-5E9F8BB55422}.Debug|x86.ActiveCfg = Debug|Win32
		{2478E4AA-E8F5-410F-BEA6-5E9F8BB55422}.Debug|x86.Build.0 = Debug|Win32
		{2478E4AA-E8F5-410F-BEA6-5E9F8BB55422}.Release|x64.ActiveCfg = Release|x64
		{2478E4AA-E8F5-410F-BEA6-5E9F8BB55422}.Release|x64.Build.0 = Release|x64
		{2478E4AA-E8F5-410F-BEA6-5E9F8BB55422}.Release|x86.ActiveCfg = Release|Win32
		{2478E4AA-E8F5-410F-BEA6-5E9F8BB55422}.Release|x86.Build.0 = Release|Win32
		{16CA8E90-27C0-41B3-A62F-E6DA6976979D}.Debug|x64.ActiveCfg = Debug|x64
		{16CA8E90-27C0-41B3-A62F-E6DA6976979D}.Debug|x64.Build.0 = Debug|x64
		{16CA8E90-27C0-41B3-A62F-E6DA6976979D}.Debug|x86.ActiveCfg = Debug|Win32
		{16CA8E90-27C0-41B3-A62F-E6DA6976979D}.Debug|x86.Build.0 = Debug|Win32
		{16CA8E90-27C0-41B3-A62F-E6DA6976979D}.Release|x64.ActiveCfg = Release|x64
		{16CA8E90-27C0-41B3-A62F-E6DA6976979D}.Release|x64.Build.0 = Release|x64
		{16CA8E90-27C0-41B3-A62F-E6DA6976979D}.Release|x86.ActiveCfg = Release|Win32
		{16CA8E90-27C0-41B3-A62F-E6DA6976979D}.Release|x86.Build.0 = Release|Win32
		{D775987D-8992-4E64-86A1-DBC977D63413}.Debug|x64.ActiveCfg = Debug|x64
		{D775987D-8992-4E64-86A1-DBC977D63413}.Debug|x64.Build.0 = Debug|x64
		{D775987D-8992-4E64-86A1-DBC977D63413}.Debug|x86.ActiveCfg = Debug|Win32
		{D775987D-8992-4E64-86A1-DBC977D63413}.Debug|x86.Build.0 = Debug|Win32
		{D775987D-8992-4E64-86A1-DBC977D63413}.Release|x64.ActiveCfg = Release|x64
		{D775987D-8992-4E64-86A1-DBC977D63413}.Release|x64.Build.0 = Release|x64
		{D775987D-8992-4E64-86A1-DBC977D63413}.Release|x86.ActiveCfg = Release|Win32
		{D775987D-8992-4E64-86A1-DBC977D63413}.Release|x86.Build.0 = Release|Win32
		{0D608F0A-08F9-468F-BB1C-9275A2EAA3F9}.Debug|x64.ActiveCfg = Debug|x64
		{0D608F0A-08F9-468F-BB1C-9275A2EAA3F9}.Debug|x64.Build.0 = Debug|x64
		{0D608F0A-08F9-468F-BB1C-9275A2EAA3F9}.Debug|x86.ActiveCfg = Debug|Win32
		{0D608F0A-08F9-468F-BB1C-9275A2EAA3F9}.Debug|x86.Build.0 = Debug|Win32
		{0D608F0A-08F9-468F-BB1C-9275A2EAA3F9}.Release|x64.ActiveCfg = Release|x64
		{0D608F0A-08F9-468F-BB1C-9275A2EAA3F9}.Release|x64.Build.0 = Release|x64
		{0D608F0A-08F9-468F-BB1C-9275A2EAA3F9}.Release|x86.ActiveCfg = Release|Win32
		{0D608F0A-08F9-468F-BB1C-9275A2EAA3F9}.Release|x86.Build.0 = Release|Win32
		{F3BC6BBC-177F-468E-9981-7E08E8AF6A5B}.Debug|x64.ActiveCfg = Debug|x64
		{F3BC6BBC-177F-468E-9981-7E08E8AF6A5B}.Debug|x64.Build.0 = Debug|x64
		{F3BC6BBC-177F-468E-9981-7E08E8AF6A5B}.Debug|x86.ActiveCfg = Debug|Win32
		{F3BC6BBC-177F-468E-9981-7E08E8AF6A5B}.Debug|x86.Build.0 = Debug|Win32
		{F3BC6BBC-177F-468E-9981-7E08E8AF6A5B}.Release|x64.ActiveCfg = Release|x64
		{F3BC6BBC-177F-468E-9981-7E08E8AF6A5B}.Release|x64.Build.0 = Release|x64
		{F3BC6BBC-177F-468E-9981-7E08E8AF6A5B}.Release|x86.ActiveCfg = Release|Win32
		{F3BC6BBC-177F-468E-9981-7E08E8AF6A5B}.Release|x86.Build.0 = Release|Win32
		{52BEEA0C-767D-4249-90DD-BF7DAC51FB09}.Debug|x64.ActiveCfg = Debug|x64
		{52BEEA0C-767D-4249-90DD-BF7DAC51FB09}.Debug|x64.Build.0 = Debug|x64
		{52BEEA0C-767D-4249-90DD-BF7DAC51FB09}.Debug|x86.ActiveCfg = Debug|Win32
		{52BEEA0C-767D-4249-90DD-BF7DAC51FB09}.Debug|x86.Build.0 = Debug|Win32
		{52BEEA0C-767D-4249-90DD-BF7DAC51FB09}.Release|x64.ActiveCfg = Release|x64
		{52BEEA0C-767D-4249-90DD-BF7DAC51FB09}.Release|x64.Build.0 = Release|x64
		{52BEEA0C-767D-4249-90DD-BF7DAC51FB09}.Release|x86.ActiveCfg = Release|Win32
		{52BEEA0C-767D-4249-90DD-BF7DAC51FB09}.Release|x86.Build.0 = Release|Win32
		{EEE4456D-58DA-4F30-A2EA-888B8C1EAFE5}.Debug|x64.ActiveCfg = Debug|x64
		{EEE4456D-58DA-4F30-A2EA-888B8C1EAFE5}.Debug|x64.Build.0 = Debug|x64
		{EEE4456D-58DA-4F30-A2EA-888B8C1EAFE5}.Debug|x86.ActiveCfg = Debug|Win32
		{EEE4456D-58DA-4F30-A2EA-888B8C1EAFE5}.Debug|x86.Build.0 = Debug|Win32
		{EEE4456D-58DA-4F30-A2EA-888B8C1EAFE5}.Release|x64.ActiveCfg = Release|x64
		{EEE4456D-58DA-4F30-A2EA-888B8C1EAFE5}.Release|x64.Build.0 = Release|x64
		{EEE4456D-58DA-4F30-A2EA-888B8C1EAFE5}.Release|x86.ActiveCfg = Release|Win32
		{EEE4456D-58DA-4F30-A2EA-888B8C1EAFE5}.Release|x86.Build.0 = Release|Win32
		{EC027A5E-7909-41FC-9B77-B968B78B7197}.Debug|x64.ActiveCfg = Debug|x64
		{EC027A5E-7909-41FC-9B77-B968B78B7197}.Debug|x64.Build.0 = Debug|x64
		{EC027A5E-7909-41FC-9B77-B968B78B7197}.Debug|x86.ActiveCfg = Debug|Win32
		{EC027A5E-7909-41FC-9B77-B968B78B7197}.Debug|x86.Build.0 = Debug|Win32
		{EC027A5E-7909-41FC-9B77-B968B78B7197}.Release|x64.ActiveCfg = Release|x64
		{EC027A5E-7909-41FC-9B77-B968B78B7197}.Release|x64.Build.0 = Release|x64
		{EC027A5E-7909-41FC-9B77-B968B78B7197}.Release|x86.ActiveCfg = Release|Win32
		{EC027A5E-7909-41FC-9B77-B968B78B7197}.Release|x86.Build.0 = Release|Win32
		{4D0C7FDF-E393-4E21-8730-1CE6AAC07D21}.Debug|x64.ActiveCfg = Debug|x64
		{4D0C7FDF-E393-4E21-8730-1CE6AAC07D21}.Debug|x64.Build.0 = Debug|x64
		{4D0C7FDF-E393-4E21-8730-1CE6AAC07D21}.Debug|x86.ActiveCfg = Debug|Win32
		{4D0C7FDF-E393-4E21-8730-1CE6AAC07D21}.Debug|x86.Build.0 = Debug|Win32
		{4D0C7FDF-E393-4E21-8730-1CE6AAC07D21}.Release|x64.ActiveCfg = Release|x64
		{4D0C7FDF-E393-4E21-8730-1CE6AAC07D21}.Release|x64.Build.0 = Release|x64
		{4D0C7FDF-E393-4E21-8730-1CE6AAC07D21}.Release|x86.ActiveCfg = Release|Win32
		{4D0C7FDF-E393-4E21-8730-1CE6AAC07D21}.Release|x86.Build.0 = Release|Win32
		{F65B7071-6F33-4FF3-A83D-0663B1F8AB0D}.Debug|x64.ActiveCfg = Debug|x64
		{F65B7071-6F33-4FF3-A83D-0663B1F8AB0D}.Debug|x64.Build.0 = Debug|x64
		{F65B7071-6F33-4FF3-A83D-0663B1F8AB0D}.Debug|x86.ActiveCfg = Debug|Win32
		{F65B7071-6F33-4FF3-A83D-0663B1F8AB0D}.Debug|x86.Build.0 = Debug|Win32
		{F65B7071-6F33-4FF3-A83D-0663B1F8AB0D}.Release|x64.ActiveCfg = Release|x64
		{F65B7071-6F33-4FF3-A83D-0663B1F8AB0D}.Release|x64.Build.0 = Release|x64
		{F65B7071-6F33-4FF3-A83D-0663B1F8AB0D}.Release|x86.ActiveCfg = Release|Win32
		{F65B7071-6F33-4FF3-A83D-0663B1F8AB0D}.Release|x86.Build.0 = Release|Win32
		{0B0514A4-0D95-42DC-A9D8-7C56E08F0E71}.Debug|x64.ActiveCfg = Debug|x64
		{0B0514A4-0D95-42DC-A9D8-7C56E08F0E71}.Debug|x64.Build.0 = Debug|x64
		{0B0514A4-0D95-42DC-A9D8-7C56E08F0E71}.Debug|x86.ActiveCfg = Debug|Win32
		{0B0514A4-0D95-42DC-A9D8-7C56E08F0E71}.Debug|x86.Build.0 = Debug|Win32
		{0B0514A4-0D95-42DC-A9D8-7C56E08F0E71}.Release|x64.ActiveCfg = Release|x64
		{0B0514A4-0D95-42DC-A9D8-7C56E08F0E71}.Release|x64.Build.0 = Release|x64
		{0B0514A4-0D95-42DC-A9D8-7C56E08F0E71}.Release|x86.ActiveCfg = Release|Win32
		{0B0514A4-0D95-42DC-A9D8-7C56E08F0E71}.Release|x86.Build.0 = Release|Win32
		{4B755EA7-F2E5-48F3-A55A-C45FFB634EAF}.Debug|x64.ActiveCfg = Debug|x64
		{4B755EA7-F2E5-48F3-A55A-C45FFB634EAF}.Debug|x64.Build.0 = Debug|x64
		{4B755EA7-F2E5-48F3-A55A-C45FFB634EAF}.Debug|x86.ActiveCfg = Debug|Win32
		{4B755EA7-F2E5-48F3-A55A-C45FFB634EAF}.Debug|x86.Build.0 = Debug|Win32
		{4B755EA7-F2E5-48F3-A55A-C45FFB634EAF}.Release|x64.ActiveCfg = Release|x64
		{4B755EA7-F2E5-48F3-A55A-C45FFB634EAF}.Release|x64.Build.0 = Release|x64
		{4B755EA7-F2E5-48F3-A55A-C45FFB634EAF}.Release|x86.ActiveCfg = Release|Win32
		{4B755EA7-F2E5-48F3-A55A-C45FFB634EAF}.Release|x86.Build.0 = Release|Win32
		{8999B35B-C6D0-4E71-B219-0C151C61B01F}.Debug|x64.ActiveCfg = Debug|x64
		{8999B35B-C6D0-4E71-B219-0C151C61B01F}.Debug|x64.Build.0 = Debug|x64
		{8999B35B-C6D0-4E71-B219-0C151C61B01F}.Debug|x86.ActiveCfg = Debug|Win32
		{8999B35B-C6D0-4E71-B219-0C151C61B01F}.Debug|x86.Build.0 = Debug|Win32
		{8999B35B-C6D0-4E71-B219-0C151C61B01F}.Release|x64.ActiveCfg = Release|x64
		{8999B35B-C6D0-4E71-B219-0C151C61B01F}.Release|x64.Build.0 = Release|x64
		{8999B35B-C6D0-4E71-B219-0C151C61B01F}.Release|x86.ActiveCfg = Release|Win32
		{8999B35B-C6D0-4E71-B219-0C151C61B01F}.Release|x86.Build.0 = Release|Win32
		{6EAD9765-834D-4286-BD36-225420E948E8}.Debug|x64.ActiveCfg = Debug|x64
		{6EAD9765-834D-4286-BD36-225420E948E8}.Debug|x64.Build.0 = Debug|x64
		{6EAD9765-834D-4286-BD36-225420E948E8}.Debug|x86.ActiveCfg = Debug|Win32
		{6EAD9765-834D-4286-BD36-225420E948E8}.Debug|x86.Build.0 = Debug|Win32
		{6EAD9765-834D-4286-BD36-225420E948E8}.Release|x64.ActiveCfg = Release|x64
		{6EAD9765-834D-4286-BD36-225420E948E8}.Release|x64.Build.0 = Release|x64
		{6EAD9765-834D-4286-BD36-225420E948E8}.Release|x86.ActiveCfg = Release|Win32
		{6EAD9765-834D-4286-BD36-225420E948E8}.Release|x86.Build.0 = Release|Win32
		{23B38F17-2B4A-4C03-A7AD-4F6B56F45AF4}.Debug|x64.ActiveCfg = Debug|x64
		{23B38F17-2B4A-4C03-A7AD-4F6B56F45AF4}.Debug|x64.Build.0 = Debug|x64
		{23B38F17-2B4A-4C03-A7AD-4F6B56F45AF4}.Debug|x86.ActiveCfg = Debug|Win32
		{23B38F17-2B4A-4C03-A7AD-4F6B56F45AF4}.Debug|x86.Build.0 = Debug|Win32
		{23B38F17-2B4A-4C03-A7AD-4F6B56F45AF4}.Release|x64.ActiveCfg = Release|x64
		{23B38F17-2B4A-4C03-A7AD-4F6B56F45AF4}.Release|x64.Build.0 = Release|x64
		{23B38F17-2B4A-4C03-A7AD-4F6B56F45AF4}.Release|x86.ActiveCfg = Release|Win32
		{23B38F17-2B4A-4C03-A7AD-4F6B56F45AF4}.Release|x86.Build.0 = Release|Win32
		{A74F8BB1-E6BA-44D1-AECF-F7D82D2F22B4}.Debug|x64.ActiveCfg = Debug|x64
		{A74F8BB1-E6BA-44D1-AECF-F7D82D2F22B4}.Debug|x64.Build.0 = Debug|x64
		{A74F8BB1-E6BA-44D1-AECF-F7D82D2F22B4}.Debug|x86.ActiveCfg = Debug|Win32
		{A74F8BB1-E6BA-44D1-AECF-F7D82D2F22B4}.Debug|x86.Build.0 = Debug|Win32
		{A74F8BB1-E6BA-44D1-AECF-F7D82D2F22B4}.Release|x64.ActiveCfg = Release|x64
		{A74F8BB1-E6BA-44D1-AECF-F7D82D2F22B4}.Release|x64.Build.0 = Release|x64
		{A74F8BB1-E6BA-44D1-AECF-F7D82D2F22B4}.Release|x86.ActiveCfg = Release|Win32
		{A74F8BB1-E6BA-44D1-AECF-F7D82D2F22B4}.Release|x86.Build.0 = Release|Win32
		{97EFC3F5-75D8-4FE2-BECD-F4709175D593}.Debug|x64.ActiveCfg = Debug|x64
		{97EFC3F5-75D8-4FE2-BECD-F4709175D593}.Debug|x64.Build.0 = Debug|x64
		{97EFC3F5-75D8-4FE2-BECD-F4709175D593}.Debug|x86.ActiveCfg = Debug|Win32
		{97EFC3F5-75D8-4FE2-BECD-F4709175D593}.Debug|x86.Build.0 = Debug|Win32
		{97EFC3F5-75D8-4FE2-BECD-F4709175D593}.Release|x64.ActiveCfg = Release|x64
		{97EFC3F5-75D8-4FE2-BECD-F4709175D593}.Release|x64.Build.0 = Release|x64
		{97EFC3F5-75D8-4FE2-BECD-F4709175D593}.Release|x86.ActiveCfg = Release|Win32
		{97EFC3F5-75D8-4FE2-BECD-F4709175D593}.Release|x86.Build.0 = Release|Win32
		{2471780A-577E-491F-AB1E-6652BE64A94B}.Debug|x64.ActiveCfg = Debug|x64
		{2471780A-577E-491F-AB1E-6652BE64A94B}.Debug|x64.Build.0 = Debug|x64
		{2471780A-577E-491F-AB1E-6652BE64A94B}.Debug|x86.ActiveCfg = Debug|Win32
		{2471780A-577E-491F-AB1E-6652BE64A94B}.Debug|x86.Build.0 = Debug|Win32
		{2471780A-577E-491F-AB1E-6652BE64A94B}.Release|x64.ActiveCfg = Release|x64
		{2471780A-577E-491F-AB1E-6652BE64A94B}.Release|x64.Build.0 = Release|x64
		{2471780A-577E-491F-AB1E-6652BE64A94B}.Release|x86.ActiveCfg = Release|Win32
		{2471780A-577E-491F-AB1E-6652BE64A94B}.Release|x86.Build.0 = Release|Win32
		{0DFDABE0-28B5-4A48-9693-CF722D344D19}.Debug|x64.ActiveCfg = Debug|x64
		{0DFDABE0-28B5-4A48-9693-CF722D344D19}.Debug|x64.Build.0 = Debug|x64
		{0DFDABE0-28B5-4A48-9693-CF722D344D19}.Debug|x86.ActiveCfg = Debug|Win32
		{0DFDABE0-28B5-4A48-9693-CF722D344D19}.Debug|x86.Build.0 = Debug|Win32
		{0DFDABE0-28B5-4A48-9693-CF722D344D19}.Release|x64.ActiveCfg = Release|x64
		{0DFDABE0-28B5-4A48-9693-CF722D344D19}.Release|x64.Build.0 = Release|x64
		{0DFDABE0-28B5-4A48-9693-CF722D344D19}.Release|x86.ActiveCfg = Release|Win32
		{0DFDABE0-28B5-4A48-9693-CF722D344D19}.Release|x86.Build.0 = Release|Win32
		{D9BD6A85-EAE7-43BE-A998-8E524FBBB94E}.Debug|x64.ActiveCfg = Debug|x64
		{D9BD6A85-EAE7-43BE-A998-8E524FBBB94E}.Debug|x64.Build.0 = Debug|x64
		{D9BD6A85-EAE7-43BE-A998-8E524FBBB94E}.Debug|x86.ActiveCfg = Debug|Win32
		{D9BD6A85-EAE7-43BE-A998-8E524FBBB94E}.Debug|x86.Build.0 = Debug|Win32
		{D9BD6A85-EAE7-43BE-A998-8E524FBBB94E}.Release|x64.ActiveCfg = Release|x64
		{D9BD6A85-EAE7-43BE-A998-8E524FBBB94E}.Release|x64.Build.0 = Release|x64
		{D9BD6A85-EAE7-43BE-A998-8E524FBBB94E}.Release|x86.ActiveCfg = Release|Win32
		{D9BD6A85-EAE7-43BE-A998-8E524FBBB94E}.Release|x86.Build.0 = Release|Win32
		{F4FEB188-0E63-4121-A7D5-E5D528C937D7}.Debug|x64.ActiveCfg = Debug|x64
		{F4FEB188-0E63-4121-A7D5-E5D528C937D7}.Debug|x64.Build.0 = Debug|x64
		{F4FEB188-0E63-4121-A7D5-E5D528C937D7}.Debug|x86.ActiveCfg = Debug|Win32
		{F4FEB188-0E63-4121-A7D5-E5D528C937D7}.Debug|x86.Build.0 = Debug|Win32
		{F4FEB188-0E63-4121-A7D5-E5D528C937D7}.Release|x64.ActiveCfg = Release|x64
		{F4FEB188-0E63-4121-A7D5-E5D528C937D7}.Release|x64.Build.0 = Release|x64
		{F4FEB188-0E63-4121-A7D5-E5D528C937D7}.Release|x86.ActiveCfg = Release|Win32
		{F4FEB188-0E63-4121-A7D5-E5D528C937D7}.Release|x86.Build.0 = Release|Win32
		{1896DF22-36B5-4F09-9B80-B9A95E99CD00}.Debug|x64.ActiveCfg = Debug|x64
		{1896DF22-36B5-4F09-9B80-B9A95E99CD00}.Debug|x64.Build.0 = Debug|x64
		{1896DF22-36B5-4F09-9B80-B9A95E99CD00}.Debug|x86.ActiveCfg = Debug|Win32
		{1896DF22-36B5-4F09-9B80-B9A95E99CD00}.Debug|x86.Build.0 = Debug|Win32
		{1896DF22-36B5-4F09-9B80-B9A95E99CD00}.Release|x64.ActiveCfg = Release|x64
		{1896DF22-36B5-4F09-9B80-B9A95E99CD00}.Release|x64.Build.0 = Release|x64
		{1896DF22-36B5-4F09-9B80-B9A95E99CD00}.Release|x86.ActiveCfg = Release|Win32
		{1896DF22-36B5-4F09-9B80-B9A95E99CD00}.Release|x86.Build.0 = Release|Win32
		{F7A5D14C-5404-4C2B-BA3A-04D28690C29D}.Debug|x64.ActiveCfg = Debug|x64
		{F7A5D14C-5404-4C2B-BA3A-04D28690C29D}.Debug|x64.Build.0 = Debug|x64
		{F7A5D14C-5404-4C2B-BA3A-04D28690C29D}.Debug|x86.ActiveCfg = Debug|Win32
		{F7A5D14C-5404-4C2B-BA3A-04D28690C29D}.Debug|x86.Build.0 = Debug|Win32
		{F7A5D14C-5404-4C2B-BA3A-04D28690C29D}.Release|x64.ActiveCfg = Release|x64
		{F7A5D14C-5404-4C2B-BA3A-04D28690C29D}.Release|x64.Build.0 = Release|x64
		{F7A5D14C-5404-4C2B-BA3A-04D28690C29D}.Release|x86.ActiveCfg = Release|Win32
		{F7A5D14C-5404-4C2B-BA3A-04D28690C29D}.Release|x86.Build.0 = Release|Win32
		{B8719D89-50AC-4BE6-8650-C9ED3910B679}.Debug|x64.ActiveCfg = Debug|x64
		{B8719D89-50AC-4BE6-8650-C9ED3910B679}.Debug|x64.Build.0 = Debug|x64
		{B8719D89-50AC-4BE6-8650-C9ED3910B679}.Debug|x86.ActiveCfg = Debug|Win32
		{B8719D89-50AC-4BE6-8650-C9ED3910B679}.Debug|x86.Build.0 = Debug|Win32
		{B8719D89-50AC-4BE6-8650-C9ED3910B679}.Release|x64.ActiveCfg = Release|x64
		{B8719D89-50AC-4BE6-8650-C9ED3910B679}.Release|x64.Build.0 = Release|x64
		{B8719D89-50AC-4BE6-8650-C9ED3910B679}.Release|x86.ActiveCfg = Release|Win32
		{B8719D89-50AC-4BE6-8650-C9ED3910B679}.Release|x86.Build.0 = Release|Win32
		{517801C1-549A-430D-AD1B-1471268FDAE3}.Debug|x64.ActiveCfg = Debug|x64
		{517801C1-549A-430D-AD1B-1471268FDAE3}.Debug|x64.Build.0 = Debug|x64
		{517801C1-549A-430D-AD1B-1471268FDAE3}.Debug|x86.ActiveCfg = Debug|Win32
		{517801C1-549A-430D-AD1B-1471268FDAE3}.Debug|x86.Build.0 = Debug|Win32
		{517801C1-549A-430D-AD1B-1471268FDAE3}.Release|x64.ActiveCfg = Release|x64
		{517801C1-549A-430D-AD1B-1471268FDAE3}.Release|x64.Build.0 = Release|x64
		{517801C1-549A-430D-AD1B-1471268FDAE3}.Release|x86.ActiveCfg = Release|Win32
		{517801C1-549A-430D-AD1B-1471268FDAE3}.Release|x86.Build.0 = Release|Win32
		{ADDB023C-748A-49DC-8105-56A93EEB23C9}.Debug|x64.ActiveCfg = Debug|x64
		{ADDB023C-748A-49DC-8105-56A93EEB23C9}.Debug|x64.Build.0 = Debug|x64
		{ADDB023C-748A-49DC-8105-56A93EEB23C9}.Debug|x86.ActiveCfg = Debug|Win32
		{ADDB023C-748A-49DC-8105-56A93EEB23C9}.Debug|x86.Build.0 = Debug|Win32
		{ADDB023C-748A-49DC-8105-56A93EEB23C9}.Release|x64.ActiveCfg = Release|x64
		{ADDB023C-748A-49DC-8105-56A93EEB23C9}.Release|x64.Build.0 = Release|x64
		{ADDB023C-748A-49DC-8105-56A93EEB23C9}.Release|x86.ActiveCfg = Release|Win32
		{ADDB023C-748A-49DC-8105-56A93EEB23C9}.Release|x86.Build.0 = Release|Win32
		{1319013E-9DEC-4CFA-AF07-066252142720}.Debug|x64.ActiveCfg = Debug|x64
		{1319013E-9DEC-4CFA-AF07-066252142720}.Debug|x64.Build.0 = Debug|x64
		{1319013E-9DEC-4CFA-AF07-066252142720}.Debug|x86.ActiveCfg = Debug|Win32
		{1319013E-9DEC-4CFA-AF07-066252142720}.Debug|x86.Build.0 = Debug|Win32
		{1319013E-9DEC-4CFA-AF07-066252142720}.Release|x64.ActiveCfg = Release|x64
		{1319013E-9DEC-4CFA-AF07-066252142720}.Release|x64.Build.0 = Release|x64
		{1319013E-9DEC-4CFA-AF07-066252142720}.Release|x86.ActiveCfg = Release|Win32
		{1319013E-9DEC-4CFA-AF07-066252142720}.Release|x86.Build.0 = Release|Win32
		{C10029ED-0F79-4A8F-9D71-A55BB987828E}.Debug|x64.ActiveCfg = Debug|x64
		{C10029ED-0F79-4A8F-9D71-A55BB987828E}.Debug|x64.Build.0 = Debug|x64
		{C10029ED-0F79-4A8F-9D71-A55BB987828E}.Debug|x86.ActiveCfg = Debug|Win32
		{C10029ED-0F79-4A8F-9D71-A55BB987828E}.Debug|x86.Build.0 = Debug|Win32
		{C10029ED-0F79-4A8F-9D71-A55BB987828E}.Release|x64.ActiveCfg = Release|x64
		{C10029ED-0F79-4A8F-9D71-A55BB987828E}.Release|x64.Build.0 = Release|x64
		{C10029ED-0F79-4A8F-9D71-A55BB987828E}.Release|x86.ActiveCfg = Release|Win32
		{C10029ED-0F79-4A8F-9D71-A55BB987828E}.Release|x86.Build.0 = Release|Win32
		{41E7C243-EE86-4A0E-A485-23B8F0D2B4AB}.Debug|x64.ActiveCfg = Debug|x64
		{41E7C243-EE86-4A0E-A485-23B8F0D2B4AB}.Debug|x64.Build.0 = Debug|x64
		{41E7C243-EE86-4A0E-A485-23B8F0D2B4AB}.Debug|x86.ActiveCfg = Debug|Win32
		{41E7C243-EE86-4A0E-A485-23B8F0D2B4AB}.Debug|x86.Build.0 = Debug|Win32
		{41E7C243-EE86-4A0E-A485-23B8F0D2B4AB}.Release|x64.ActiveCfg = Release|x64
		{41E7C243-EE86-4A0E-A485-23B8F0D2B4AB}.Release|x64.Build.0 = Release|x64
		{41E7C243-EE86-4A0E-A485-23B8F0D2B4AB}.Release|x86.ActiveCfg = Release|Win32
		{41E7C243-EE86-4A0E-A485-23B8F0D2B4AB}.Release|x86.Build.0 = Release|Win32
		{4C912BCC-43E4-4728-A29A-9BBF1565EB95}.Debug|x64.ActiveCfg = Debug|x64
		{4C912BCC-43E4-4728-A29A-9BBF1565EB95}.Debug|x64.Build.0 = Debug|x64
		{4C912BCC-43E4-4728-A29A-9BBF1565EB95}.Debug|x86.ActiveCfg = Debug|Win32
		{4C912BCC-43E4-4728-A29A-9BBF1565EB95}.Debug|x86.Build.0 = Debug|Win32
		{4C912BCC-43E4-4728-A29A-9BBF1565EB95}.Release|x64.ActiveCfg = Release|x64
		{4C912BCC-43E4-4728-A29A-9BBF1565EB95}.Release|x64.Build.0 = Release|x64
		{4C912BCC-43E4-4728-A29A-9BBF1565EB95}.Release|x86.ActiveCfg = Release|Win32
		{4C912BCC-43E4-4728-A29A-9BBF1565EB95}.Release|x86.Build.0 = Release|Win32
		{69BC7668-4610-4BF6-BC44-EAFE7FA58251}.Debug|x64.ActiveCfg = Debug|x64
		{69BC7668-4610-4BF6-BC44-EAFE7FA58251}.Debug|x64.Build.0 = Debug|x64
		{69BC7668-4610-4BF6-BC44-EAFE7FA58251}.Debug|x86.ActiveCfg = Debug|Win32
		{69BC7668-4610-4BF6-BC44-EAFE7FA58251}.Debug|x86.Build.0 = Debug|Win32
		{69BC7668-4610-4BF6-BC44-EAFE7FA58251}.Release|x64.ActiveCfg = Release|x64
		{69BC7668-4610-4BF6-BC44-EAFE7FA58251}.Release|x64.Build.0 = Release|x64
		{69BC7668-4610-4BF6-BC44-EAFE7FA58251}.Release|x86.ActiveCfg = Release|Win32
		{69BC7668-4610-4BF6-BC44-EAFE7FA58251}.Release|x86.Build.0 = Release|Win32
		{29694A24-A298-4926-BA6D-C21DCA5CE2B1}.Debug|x64.ActiveCfg = Debug|x64
		{29694A24-A298-4926-BA6D-C21DCA5CE2B1}.Debug|x64.Build.0 = Debug|x64
		{29694A24-A298-4926-BA6D-C21DCA5CE2B1}.Debug|x86.ActiveCfg = Debug|Win32
		{29694A24-A298-4926-BA6D-C21DCA5CE2B1}.Debug|x86.Build.0 = Debug|Win32
		{29694A24-A298-4926-BA6D-C21DCA5CE2B1}.Release|x64.ActiveCfg = Release|x64
		{29694A24-A298-4926-BA6D-C21DCA5CE2B1}.Release|x64.Build.0 = Release|x64
		{29694A24-A298-4926-BA6D-C21DCA5CE2B1}.Release|x86.ActiveCfg = Release|Win32
		{29694A24-A298-4926-BA6D-C21DCA5CE2B1}.Release|x86.Build.0 = Release|Win32
		{0C3F5ED5-69B0-494C-B989-A53E97FF8E21}.Debug|x64.ActiveCfg = Debug|x64
		{0C3F5ED5-69B0-494C-B989-A53E97FF8E21}.Debug|x64.Build.0 = Debug|x64
		{0C3F5ED5-69B0-494C-B989-A53E97FF8E21}.Debug|x86.ActiveCfg = Debug|Win32
		{0C3F5ED5-69B0-494C-B989-A53E97FF8E21}.Debug|x86.Build.0 = Debug|Win32
		{0C3F5ED5-69B0-494C-B989-A53E97FF8E21}.Release|x64.ActiveCfg = Release|x64
		{0C3F5ED5-69B0-494C-B989-A53E97FF8E21}.Release|x64.Build.0 = Release|x64
		{0C3F5ED5-69B0-494C-B989-A53E97FF8E21}.Release|x86.ActiveCfg = Release|Win32
		{0C3F5ED5-69B0-494C-B989-A53E97FF8E21}.Release|x86.Build.0 = Release|Win32
		{68D75A52-23FD-4FEB-A3BA-CC38B5213D3B}.Debug|x64.ActiveCfg = Debug|x64
		{68D75A52-23FD-4FEB-A3BA-CC38B5213D3B}.Debug|x64.Build.0 = Debug|x64
		{68D75A52-23FD-4FEB-A3BA-CC38B5213D3B}.Debug|x86.ActiveCfg = Debug|Win32
		{68D75A52-23FD-4FEB-A3BA-CC38B5213D3B}.Debug|x86.Build.0 = Debug|Win32
		{68D75A52-23FD-4FEB-A3BA-CC38B5213D3B}.Release|x64.ActiveCfg = Release|x64
		{68D75A52-23FD-4FEB-A3BA-CC38B5213D3B}.Release|x64.Build.0 = Release|x64
		{68D75A52-23FD-4FEB-A3BA-CC38B5213D3B}.Release|x86.ActiveCfg = Release|Win32
		{68D75A52-23FD-4FEB-A3BA-CC38B5213D3B}.Release|x86.Build.0 = Release|Win32
		{DDF9C8AF-7136-4247-9A3C-A2B4B7A6C1DF}.Debug|x64.ActiveCfg = Debug|x64
		{DDF9C8AF-7136-4247-9A3C-A2B4B7A6C1DF}.Debug|x64.Build.0 = Debug|x64
		{DDF9C8AF-7136-4247-9A3C-A2B4B7A6C1DF}.Debug|x86.ActiveCfg = Debug|Win32
		{DDF9C8AF-7136-4247-9A3C-A2B4B7A6C1DF}.Debug|x86.Build.0 = Debug|Win32
		{DDF9C8AF-7136-4247-9A3C-A2B4B7A6C1DF}.Release|x64.ActiveCfg = Release|x64
		{DDF9C8AF-7136-4247-9A3C-A2B4B7A6C1DF}.Release|x64.Build.0 = Release|x64
		{DDF9C8AF-7136-4247-9A3C-A2B4B7A6C1DF}.Release|x86.ActiveCfg = Release|Win32
		{DDF9C8AF-7136-4247-9A3C-A2B4B7A6C1DF}.Release|x86.Build.0 = Release|Win32
		{9647E56F-8419-4A17-8152-BC005EDFE58F}.Debug|x64.ActiveCfg = Debug|x64
		{9647E56F-8419-4A17-8152-BC005EDFE58F}.Debug|x64.Build.0 = Debug|x64
		{9647E56F-8419-4A17-8152-BC005EDFE58F}.Debug|x86.ActiveCfg = Debug|Win32
		{9647E56F-8419-4A17-8152-BC005EDFE58F}.Debug|x86.Build.0 = Debug|Win32
		{9647E56F-8419-4A17-8152-BC005EDFE58F}.Release|x64.ActiveCfg = Release|x64
		{9647E56F-8419-4A17-8152-BC005EDFE58F}.Release|x64.Build.0 = Release|x64
		{9647E56F-8419-4A17-8152-BC005EDFE58F}.Release|x86.ActiveCfg = Release|Win32
		{9647E56F-8419-4A17-8152-BC005EDFE58F}.Release|x86.Build.0 = Release|Win32
		{28709CF0-971A-4E2D-A363-1185DD8FBC23}.Debug|x64.ActiveCfg = Debug|x64
		{28709CF0-971A-4E2D-A363-1185DD8FBC23}.Debug|x64.Build.0 = Debug|x64
		{28709CF0-971A-4E2D-A363-1185DD8FBC23}.Debug|x86.ActiveCfg = Debug|Win32
		{28709CF0-971A-4E2D-A363-1185DD8FBC23}.Debug|x86.Build.0 = Debug|Win32
		{28709CF0-971A-4E2D-A363-1185DD8FBC23}.Release|x64.ActiveCfg = Release|x64
		{28709CF0-971A-4E2D-A363-1185DD8FBC23}.Release|x64.Build.0 = Release|x64
		{28709CF0-971A-4E2D-A363-1185DD8FBC23}.Release|x86.ActiveCfg = Release|Win32
		{28709CF0-971A-4E2D-A363-1185DD8FBC23}.Release|x86.Build.0 = Release|Win32
		{C34D8679-93E6-4AE4-9027-CA1754ACBB31}.Debug|x64.ActiveCfg = Debug|x64
		{C34D8679-93E6-4AE4-9027-CA1754ACBB31}.Debug|x64.Build.0 = Debug|x64
		{C34D8679-93E6-4AE4-9027-CA1754ACBB31}.Debug|x86.ActiveCfg = Debug|Win32
		{C34D8679-93E6-4AE4-9027-CA1754ACBB31}.Debug|x86.Build.0 = Debug|Win32
		{C34D8679-93E6-4AE4-9027-CA1754ACBB31}.Release|x64.ActiveCfg = Release|x64
		{C34D8679-93E6-4AE4-9027-CA1754ACBB31}.Release|x64.Build.0 = Release|x64
		{C34D8679-93E6-4AE4-9027-CA1754ACBB31}.Release|x86.ActiveCfg = Release|Win32
		{C34D8679-93E6-4AE4-9027-CA1754ACBB31}.Release|x86.Build.0 = Release|Win32
		{27CD7E80-3EE4-4CDF-ABF1-44889FB73AD5}.Debug|x64.ActiveCfg = Debug|x64
		{27CD7E80-3EE4-4CDF-ABF1-44889FB73AD5}.Debug|x64.Build.0 = Debug|x64
		{27CD7E80-3EE4-4CDF-ABF1-44889FB73AD5}.Debug|x86.ActiveCfg = Debug|Win32
		{27CD7E80-3EE4-4CDF-ABF1-44889FB73AD5}.Debug|x86.Build.0 = Debug|Win32
		{27CD7E80-3EE4-4CDF-ABF1-44889FB73AD5}.Release|x64.ActiveCfg = Release|x64
		{27CD7E80-3EE4-4CDF-ABF1-44889FB73AD5}.Release|x64.Build.0 = Release|x64
		{27CD7E80-3EE4-4CDF-ABF1-44889FB73AD5}.Release|x86.ActiveCfg = Release|Win32
		{27CD7E80-3EE4-4CDF-ABF1-44889FB73AD5}.Release|x86.Build.0 = Release|Win32
		{3A515049-30EA-4593-8986-8AB653803298}.Debug|x64.ActiveCfg = Debug|x64
		{3A515049-30EA-4593-8986-8AB653803298}.Debug|x64.Build.0 = Debug|x64
		{3A515049-30EA-4593-8986-8AB653803298}.Debug|x86.ActiveCfg = Debug|Win32
		{3A515049-30EA-4593-8986-8AB653803298}.Debug|x86.Build.0 = Debug|Win32
		{3A515049-30EA-4593-8986-8AB653803298}.Release|x64.ActiveCfg = Release|x64
		{3A515049-30EA-4593-8986-8AB653803298}.Release|x64.Build.0 = Release|x64
		{3A515049-30EA-4593-8986-8AB653803298}.Release|x86.ActiveCfg = Release|Win32
		{3A515049-30EA-4593-8986-8AB653803298}.Release|x86.Build.0 = Release|Win32
		{2116CC51-3A04-4B67-81A2-760881C8C76D}.Debug|x64.ActiveCfg = Debug|x64
		{2116CC51-3A04-4B67-81A2-760881C8C76D}.Debug|x64.Build.0 = Debug|x64
		{2116CC51-3A04-4B67-81A2-760881C8C76D}.Debug|x86.ActiveCfg = Debug|Win32
		{2116CC51-3A04-4B67-81A2-760881C8C76D}.Debug|x86.Build.0 = Debug|Win32
		{2116CC51-3A04-4B67-81A2-760881C8C76D}.Release|x64.ActiveCfg = Release|x64
		{2116CC51-3A04-4B67-81A2-760881C8C76D}.Release|x64.Build.0 = Release|x64
		{2116CC51-3A04-4B67-81A2-760881C8C76D}.Release|x86.ActiveCfg = Release|Win32
		{2116CC51-3A04-4B67-81A2-760881C8C76D}.Release|x86.Build.0 = Release|Win32
		{019F625A-8D8C-43D5-81E3-D18623C39F86}.Debug|x64.ActiveCfg = Debug|x64
		{019F625A-8D8C-43D5-81E3-D18623C39F86}.Debug|x64.Build.0 = Debug|x64
		{019F625A-8D8C-43D5-81E3-D18623C39F86}.Debug|x86.ActiveCfg = Debug|Win32
		{019F625A-8D8C-43D5-81E3-D18623C39F86}.Debug|x86.Build.0 = Debug|Win32
		{019F625A-8D8C-43D5-81E3-D18623C39F86}.Release|x64.ActiveCfg = Release|x64
		{019F625A-8D8C-43D5-81E3-D18623C39F86}.Release|x64.Build.0 = Release|x64
		{019F625A-8D8C-43D5-81E3-D18623C39F86}.Release|x86.ActiveCfg = Release|Win32
		{019F625A-8D8C-43D5-81E3-D18623C39F86}.Release|x86.Build.0 = Release|Win32
		{264FA9A7-1518-4C0B-B888-687853F2CC03}.Debug|x64.ActiveCfg = Debug|x64
		{264FA9A7-1518-4C0B-B888-687853F2CC03}.Debug|x64.Build.0 = Debug|x64
		{264FA9A7-1518-4C0B-B888-687853F2CC03}.Debug|x86.ActiveCfg = Debug|Win32
		{264FA9A7-1518-4C0B-B888-687853F2CC03}.Debug|x86.Build.0 = Debug|Win32
		{264FA9A7-1518-4C0B-B888-687853F2CC03}.Release|x64.ActiveCfg = Release|x64
		{264FA9A7-1518-4C0B-B888-687853F2CC03}.Release|x64.Build.0 = Release|x64
		{264FA9A7-1518-4C0B-B888-687853F2CC03}.Release|x86.ActiveCfg = Release|Win32
		{264FA9A7-1518-4C0B-B888-687853F2CC03}.Release|x86.Build.0 = Release|Win32
		{86BFB9FF-27DE-4AFC-8175-6B654B271083}.Debug|x64.ActiveCfg = Debug|x64
		{86BFB9FF-27DE-4AFC-8175-6B654B271083}.Debug|x64.Build.0 = Debug|x64
		{86BFB9FF-27DE-4AFC-8175-6B654B271083}.Debug|x86.ActiveCfg = Debug|Win32
		{86BFB9FF-27DE-4AFC-8175-6B654B271083}.Debug|x86.Build.0 = Debug|Win32
		{86BFB9FF-27DE-4AFC-8175-6B654B271083}.Release|x64.ActiveCfg = Release|x64
		{86BFB9FF-27DE-4AFC-8175-6B654B271083}.Release|x64.Build.0 = Release|x64
		{86BFB9FF-27DE-4AFC-8175-6B654B271083}.Release|x86.ActiveCfg = Release|Win32
		{86BFB9FF-27DE-4AFC-8175-6B654B271083}.Release|x86.Build.0 = Release|Win32
		{71809EEB-A014-4C4F-BB51-0CB01E1CFDD6}.Debug|x64.ActiveCfg = Debug|x64
		{71809EEB-A014-4C4F-BB51-0CB01E1CFDD6}.Debug|x64.Build.0 = Debug|x64
		{71809EEB-A014-4C4F-BB51-0CB01E1CFDD6}.Debug|x86.ActiveCfg = Debug|Win32
		{71809EEB-A014-4C4F-BB51-0CB01E1CFDD6}.Debug|x86.Build.0 = Debug|Win32
		{71809EEB-A014-4C4F-BB51-0CB01E1CFDD6}.Release|x64.ActiveCfg = Release|x64
		{71809EEB-A014-4C4F-BB51-0CB01E1CFDD6}.Release|x64.Build.0 = Release|x64
		{71809EEB-A014-4C4F-BB51-0CB01E1CFDD6}.Release|x86.ActiveCfg = Release|Win32
		{71809EEB-A014-4C4F-BB51-0CB01E1CFDD6}.Release|x86.Build.0 = Release|Win32
		{BE62FA6C-A691-4B30-9733-2902A46B53FC}.Debug|x64.ActiveCfg = Debug|x64
		{BE62FA6C-A691-4B30-9733-2902A46B53FC}.Debug|x64.Build.0 = Debug|x64
		{BE62FA6C-A691-4B30-9733-2902A46B53FC}.Debug|x86.ActiveCfg = Debug|Win32
		{BE62FA6C-A691-4B30-9733-2902A46B53FC}.Debug|x86.Build.0 = Debug|Win32
		{BE62FA6C-A691-4B30-9733-2902A46B53FC}.Release|x64.ActiveCfg = Release|x64
		{BE62FA6C-A691-4B30-9733-2902A46B53FC}.Release|x64.Build.0 = Release|x64
		{BE62FA6C-A691-4B30-9733-2902A46B53FC}.Release|x86.ActiveCfg = Release|Win32
		{BE62FA6C-A691-4B30-9733-2902A46B53FC}.Release|x86.Build.0 = Release|Win32
	EndGlobalSection
	GlobalSection(SolutionProperties) = preSolution
		HideSolutionNode = FALSE
	EndGlobalSection
EndGlobal
